// !$*UTF8*$!
{
	archiveVersion = 1;
	classes = {
	};
	objectVersion = 46;
	objects = {

/* Begin PBXBuildFile section */
		92145408111328FE0052F895 /* testApp.mm in Sources */ = {isa = PBXBuildFile; fileRef = 92145406111328FE0052F895 /* testApp.mm */; };
		92145409111328FE0052F895 /* main.mm in Sources */ = {isa = PBXBuildFile; fileRef = 92145407111328FE0052F895 /* main.mm */; };
		BB24DDCA10DA781C00E9C588 /* ofxiphone-Info.plist in Resources */ = {isa = PBXBuildFile; fileRef = BB24DDC910DA781C00E9C588 /* ofxiphone-Info.plist */; };
		BB24E23510DAA8AD00E9C588 /* libofxiPhone_iphoneos_Debug.a in Frameworks */ = {isa = PBXBuildFile; fileRef = BB24E23410DAA8A700E9C588 /* libofxiPhone_iphoneos_Debug.a */; };
		E42C4F2113FD6441009CA603 /* ofxiPhoneVideo.cpp in Sources */ = {isa = PBXBuildFile; fileRef = E42C4ED713FD6441009CA603 /* ofxiPhoneVideo.cpp */; };
		E42C4F2213FD6441009CA603 /* MyVideoBuffer.mm in Sources */ = {isa = PBXBuildFile; fileRef = E42C4EDC13FD6441009CA603 /* MyVideoBuffer.mm */; };
		E42C4F2313FD6441009CA603 /* ofxiVideoGrabber.mm in Sources */ = {isa = PBXBuildFile; fileRef = E42C4EDE13FD6441009CA603 /* ofxiVideoGrabber.mm */; };
		E42C4F2413FD6441009CA603 /* ofxiVideoPlayer.cpp in Sources */ = {isa = PBXBuildFile; fileRef = E42C4EE113FD6441009CA603 /* ofxiVideoPlayer.cpp */; };
		E42C4F2513FD6441009CA603 /* ofxAudioSampler.cpp in Sources */ = {isa = PBXBuildFile; fileRef = E42C4EE813FD6441009CA603 /* ofxAudioSampler.cpp */; };
		E42C4F2613FD6441009CA603 /* ofxAudioPlayer.cpp in Sources */ = {isa = PBXBuildFile; fileRef = E42C4EEC13FD6441009CA603 /* ofxAudioPlayer.cpp */; };
		E42C4F2713FD6441009CA603 /* ofxAudioTrigger.cpp in Sources */ = {isa = PBXBuildFile; fileRef = E42C4EF013FD6441009CA603 /* ofxAudioTrigger.cpp */; };
		E42C4F2813FD6441009CA603 /* CAStreamBasicDescription.cpp in Sources */ = {isa = PBXBuildFile; fileRef = E42C4EF613FD6441009CA603 /* CAStreamBasicDescription.cpp */; };
		E42C4F2913FD6441009CA603 /* CAXException.cpp in Sources */ = {isa = PBXBuildFile; fileRef = E42C4EF813FD6441009CA603 /* CAXException.cpp */; };
		E42C4F2A13FD6441009CA603 /* README in Resources */ = {isa = PBXBuildFile; fileRef = E42C4EFA13FD6441009CA603 /* README */; };
		E42C4F2B13FD6441009CA603 /* ofxAudioFile.mm in Sources */ = {isa = PBXBuildFile; fileRef = E42C4EFD13FD6441009CA603 /* ofxAudioFile.mm */; };
		E42C4F2C13FD6441009CA603 /* ofxMidi.cpp in Sources */ = {isa = PBXBuildFile; fileRef = E42C4F0013FD6441009CA603 /* ofxMidi.cpp */; };
		E42C4F2D13FD6441009CA603 /* ofxMidiTrack.cpp in Sources */ = {isa = PBXBuildFile; fileRef = E42C4F0213FD6441009CA603 /* ofxMidiTrack.cpp */; };
		E42C4F2E13FD6441009CA603 /* ofxiFBO.mm in Sources */ = {isa = PBXBuildFile; fileRef = E42C4F0713FD6441009CA603 /* ofxiFBO.mm */; };
		E42C4F2F13FD6441009CA603 /* install.xml in Resources */ = {isa = PBXBuildFile; fileRef = E42C4F0913FD6441009CA603 /* install.xml */; };
		E42C4F3013FD6441009CA603 /* tinyxml.cpp in Sources */ = {isa = PBXBuildFile; fileRef = E42C4F0B13FD6441009CA603 /* tinyxml.cpp */; };
		E42C4F3113FD6441009CA603 /* tinyxmlerror.cpp in Sources */ = {isa = PBXBuildFile; fileRef = E42C4F0D13FD6441009CA603 /* tinyxmlerror.cpp */; };
		E42C4F3213FD6441009CA603 /* tinyxmlparser.cpp in Sources */ = {isa = PBXBuildFile; fileRef = E42C4F0E13FD6441009CA603 /* tinyxmlparser.cpp */; };
		E42C4F3313FD6441009CA603 /* ofxXmlSettings.cpp in Sources */ = {isa = PBXBuildFile; fileRef = E42C4F1013FD6441009CA603 /* ofxXmlSettings.cpp */; };
		E42C4F3413FD6441009CA603 /* easing.cpp in Sources */ = {isa = PBXBuildFile; fileRef = E42C4F1313FD6441009CA603 /* easing.cpp */; };
		E42C4F3513FD6441009CA603 /* ofMainExt.mm in Sources */ = {isa = PBXBuildFile; fileRef = E42C4F1613FD6441009CA603 /* ofMainExt.mm */; };
		E42C4F3813FD6441009CA603 /* ofxSlider.cpp in Sources */ = {isa = PBXBuildFile; fileRef = E42C4F1F13FD6441009CA603 /* ofxSlider.cpp */; };
		E42C4FA113FD661A009CA603 /* ofxRKTexture.mm in Sources */ = {isa = PBXBuildFile; fileRef = E42C4F9E13FD661A009CA603 /* ofxRKTexture.mm */; };
		E42C4FA213FD661A009CA603 /* PVRTexture.m in Sources */ = {isa = PBXBuildFile; fileRef = E42C4F9F13FD661A009CA603 /* PVRTexture.m */; };
		E42C502513FD667E009CA603 /* AVFoundation.framework in Frameworks */ = {isa = PBXBuildFile; fileRef = E42C4FBF13FD667E009CA603 /* AVFoundation.framework */; };
		E42C502613FD667E009CA603 /* CoreMedia.framework in Frameworks */ = {isa = PBXBuildFile; fileRef = E42C4FC013FD667E009CA603 /* CoreMedia.framework */; };
		E42C502713FD667E009CA603 /* CoreVideo.framework in Frameworks */ = {isa = PBXBuildFile; fileRef = E42C4FC113FD667E009CA603 /* CoreVideo.framework */; };
		E42C502813FD667E009CA603 /* CppUnit.a in Frameworks */ = {isa = PBXBuildFile; fileRef = E42C4FC713FD667E009CA603 /* CppUnit.a */; };
		E42C502913FD667E009CA603 /* PocoFoundation.a in Frameworks */ = {isa = PBXBuildFile; fileRef = E42C4FC813FD667E009CA603 /* PocoFoundation.a */; };
		E42C502A13FD667F009CA603 /* PocoNet.a in Frameworks */ = {isa = PBXBuildFile; fileRef = E42C4FC913FD667E009CA603 /* PocoNet.a */; };
		E42C502B13FD667F009CA603 /* PocoUtil.a in Frameworks */ = {isa = PBXBuildFile; fileRef = E42C4FCA13FD667E009CA603 /* PocoUtil.a */; };
		E42C502C13FD667F009CA603 /* PocoXML.a in Frameworks */ = {isa = PBXBuildFile; fileRef = E42C4FCB13FD667E009CA603 /* PocoXML.a */; };
		E42C502D13FD667F009CA603 /* CppUnit.a in Frameworks */ = {isa = PBXBuildFile; fileRef = E42C4FCD13FD667E009CA603 /* CppUnit.a */; };
		E42C502E13FD667F009CA603 /* PocoFoundation.a in Frameworks */ = {isa = PBXBuildFile; fileRef = E42C4FCE13FD667E009CA603 /* PocoFoundation.a */; };
		E42C502F13FD667F009CA603 /* PocoNet.a in Frameworks */ = {isa = PBXBuildFile; fileRef = E42C4FCF13FD667E009CA603 /* PocoNet.a */; };
		E42C503013FD667F009CA603 /* PocoUtil.a in Frameworks */ = {isa = PBXBuildFile; fileRef = E42C4FD013FD667E009CA603 /* PocoUtil.a */; };
		E42C503113FD667F009CA603 /* PocoXML.a in Frameworks */ = {isa = PBXBuildFile; fileRef = E42C4FD113FD667E009CA603 /* PocoXML.a */; };
		E42C503213FD667F009CA603 /* freeimage.a in Frameworks */ = {isa = PBXBuildFile; fileRef = E42C4FD713FD667E009CA603 /* freeimage.a */; };
		E42C503313FD667F009CA603 /* freeimage-iphone.a in Frameworks */ = {isa = PBXBuildFile; fileRef = E42C4FD913FD667E009CA603 /* freeimage-iphone.a */; };
		E42C503413FD667F009CA603 /* freetype.a in Frameworks */ = {isa = PBXBuildFile; fileRef = E42C500E13FD667E009CA603 /* freetype.a */; };
		E42C503513FD667F009CA603 /* freetype-iphone.a in Frameworks */ = {isa = PBXBuildFile; fileRef = E42C501013FD667E009CA603 /* freetype-iphone.a */; };
		E42C503613FD667F009CA603 /* glu-iphone.a in Frameworks */ = {isa = PBXBuildFile; fileRef = E42C501713FD667E009CA603 /* glu-iphone.a */; };
		E42C503713FD667F009CA603 /* glu.a in Frameworks */ = {isa = PBXBuildFile; fileRef = E42C501813FD667E009CA603 /* glu.a */; };
		E42C503813FD667F009CA603 /* OpenAL.framework in Frameworks */ = {isa = PBXBuildFile; fileRef = E42C501C13FD667E009CA603 /* OpenAL.framework */; };
		E42C503913FD667F009CA603 /* CoreGraphics.framework in Frameworks */ = {isa = PBXBuildFile; fileRef = E42C501D13FD667E009CA603 /* CoreGraphics.framework */; };
		E42C503A13FD667F009CA603 /* AudioToolbox.framework in Frameworks */ = {isa = PBXBuildFile; fileRef = E42C501E13FD667E009CA603 /* AudioToolbox.framework */; };
		E42C503B13FD667F009CA603 /* QuartzCore.framework in Frameworks */ = {isa = PBXBuildFile; fileRef = E42C501F13FD667E009CA603 /* QuartzCore.framework */; };
		E42C503C13FD667F009CA603 /* OpenGLES.framework in Frameworks */ = {isa = PBXBuildFile; fileRef = E42C502013FD667E009CA603 /* OpenGLES.framework */; };
		E42C503D13FD667F009CA603 /* UIKit.framework in Frameworks */ = {isa = PBXBuildFile; fileRef = E42C502113FD667E009CA603 /* UIKit.framework */; };
		E42C503E13FD667F009CA603 /* Foundation.framework in Frameworks */ = {isa = PBXBuildFile; fileRef = E42C502213FD667E009CA603 /* Foundation.framework */; };
		E42C503F13FD667F009CA603 /* CoreGraphics.framework in Frameworks */ = {isa = PBXBuildFile; fileRef = E42C502313FD667E009CA603 /* CoreGraphics.framework */; };
		E42C504013FD667F009CA603 /* CoreLocation.framework in Frameworks */ = {isa = PBXBuildFile; fileRef = E42C502413FD667E009CA603 /* CoreLocation.framework */; };
/* End PBXBuildFile section */

/* Begin PBXContainerItemProxy section */
		BB24E23310DAA8A700E9C588 /* PBXContainerItemProxy */ = {
			isa = PBXContainerItemProxy;
			containerPortal = BB24E22F10DAA8A700E9C588 /* iPhone+OF Lib.xcodeproj */;
			proxyType = 2;
			remoteGlobalIDString = BB24DED610DA7A3F00E9C588;
			remoteInfo = "iPhone+OF Static Library";
		};
		BB24E23D10DAA93400E9C588 /* PBXContainerItemProxy */ = {
			isa = PBXContainerItemProxy;
			containerPortal = BB24E22F10DAA8A700E9C588 /* iPhone+OF Lib.xcodeproj */;
			proxyType = 1;
			remoteGlobalIDString = BB24DE5C10DA7A3F00E9C588;
			remoteInfo = "iPhone+OF Static Library";
		};
/* End PBXContainerItemProxy section */

/* Begin PBXFileReference section */
		1D6058910D05DD3D006BFB54 /* SantaExample.app */ = {isa = PBXFileReference; explicitFileType = wrapper.application; includeInIndex = 0; path = SantaExample.app; sourceTree = BUILT_PRODUCTS_DIR; };
		92145406111328FE0052F895 /* testApp.mm */ = {isa = PBXFileReference; fileEncoding = 4; lastKnownFileType = sourcecode.cpp.objcpp; path = testApp.mm; sourceTree = "<group>"; };
		92145407111328FE0052F895 /* main.mm */ = {isa = PBXFileReference; fileEncoding = 4; lastKnownFileType = sourcecode.cpp.objcpp; path = main.mm; sourceTree = "<group>"; };
		BB16F3AA0F2B73B000518274 /* testApp.h */ = {isa = PBXFileReference; fileEncoding = 4; lastKnownFileType = sourcecode.c.h; path = testApp.h; sourceTree = "<group>"; };
		BB24DDC910DA781C00E9C588 /* ofxiphone-Info.plist */ = {isa = PBXFileReference; fileEncoding = 4; lastKnownFileType = text.plist.xml; path = "ofxiphone-Info.plist"; sourceTree = "<group>"; };
		BB24E22F10DAA8A700E9C588 /* iPhone+OF Lib.xcodeproj */ = {isa = PBXFileReference; lastKnownFileType = "wrapper.pb-project"; name = "iPhone+OF Lib.xcodeproj"; path = "../../../libs/openFrameworksCompiled/project/iphone/iPhone+OF Lib.xcodeproj"; sourceTree = SOURCE_ROOT; };
		E42C4ED713FD6441009CA603 /* ofxiPhoneVideo.cpp */ = {isa = PBXFileReference; fileEncoding = 4; lastKnownFileType = sourcecode.cpp.cpp; path = ofxiPhoneVideo.cpp; sourceTree = "<group>"; };
		E42C4ED813FD6441009CA603 /* ofxiPhoneVideo.h */ = {isa = PBXFileReference; fileEncoding = 4; lastKnownFileType = sourcecode.c.h; path = ofxiPhoneVideo.h; sourceTree = "<group>"; };
		E42C4EDB13FD6441009CA603 /* MyVideoBuffer.h */ = {isa = PBXFileReference; fileEncoding = 4; lastKnownFileType = sourcecode.c.h; path = MyVideoBuffer.h; sourceTree = "<group>"; };
		E42C4EDC13FD6441009CA603 /* MyVideoBuffer.mm */ = {isa = PBXFileReference; fileEncoding = 4; lastKnownFileType = sourcecode.cpp.objcpp; path = MyVideoBuffer.mm; sourceTree = "<group>"; };
		E42C4EDD13FD6441009CA603 /* ofxiVideoGrabber.h */ = {isa = PBXFileReference; fileEncoding = 4; lastKnownFileType = sourcecode.c.h; path = ofxiVideoGrabber.h; sourceTree = "<group>"; };
		E42C4EDE13FD6441009CA603 /* ofxiVideoGrabber.mm */ = {isa = PBXFileReference; fileEncoding = 4; lastKnownFileType = sourcecode.cpp.objcpp; path = ofxiVideoGrabber.mm; sourceTree = "<group>"; };
		E42C4EE113FD6441009CA603 /* ofxiVideoPlayer.cpp */ = {isa = PBXFileReference; fileEncoding = 4; lastKnownFileType = sourcecode.cpp.cpp; path = ofxiVideoPlayer.cpp; sourceTree = "<group>"; };
		E42C4EE213FD6441009CA603 /* ofxiVideoPlayer.h */ = {isa = PBXFileReference; fileEncoding = 4; lastKnownFileType = sourcecode.c.h; path = ofxiVideoPlayer.h; sourceTree = "<group>"; };
		E42C4EE513FD6441009CA603 /* ofxAudioSample.h */ = {isa = PBXFileReference; fileEncoding = 4; lastKnownFileType = sourcecode.c.h; path = ofxAudioSample.h; sourceTree = "<group>"; };
		E42C4EE813FD6441009CA603 /* ofxAudioSampler.cpp */ = {isa = PBXFileReference; fileEncoding = 4; lastKnownFileType = sourcecode.cpp.cpp; path = ofxAudioSampler.cpp; sourceTree = "<group>"; };
		E42C4EE913FD6441009CA603 /* ofxAudioSampler.h */ = {isa = PBXFileReference; fileEncoding = 4; lastKnownFileType = sourcecode.c.h; path = ofxAudioSampler.h; sourceTree = "<group>"; };
		E42C4EEC13FD6441009CA603 /* ofxAudioPlayer.cpp */ = {isa = PBXFileReference; fileEncoding = 4; lastKnownFileType = sourcecode.cpp.cpp; path = ofxAudioPlayer.cpp; sourceTree = "<group>"; };
		E42C4EED13FD6441009CA603 /* ofxAudioPlayer.h */ = {isa = PBXFileReference; fileEncoding = 4; lastKnownFileType = sourcecode.c.h; path = ofxAudioPlayer.h; sourceTree = "<group>"; };
		E42C4EF013FD6441009CA603 /* ofxAudioTrigger.cpp */ = {isa = PBXFileReference; fileEncoding = 4; lastKnownFileType = sourcecode.cpp.cpp; path = ofxAudioTrigger.cpp; sourceTree = "<group>"; };
		E42C4EF113FD6441009CA603 /* ofxAudioTrigger.h */ = {isa = PBXFileReference; fileEncoding = 4; lastKnownFileType = sourcecode.c.h; path = ofxAudioTrigger.h; sourceTree = "<group>"; };
		E42C4EF413FD6441009CA603 /* CADebugMacros.h */ = {isa = PBXFileReference; fileEncoding = 4; lastKnownFileType = sourcecode.c.h; path = CADebugMacros.h; sourceTree = "<group>"; };
		E42C4EF513FD6441009CA603 /* CAMath.h */ = {isa = PBXFileReference; fileEncoding = 4; lastKnownFileType = sourcecode.c.h; path = CAMath.h; sourceTree = "<group>"; };
		E42C4EF613FD6441009CA603 /* CAStreamBasicDescription.cpp */ = {isa = PBXFileReference; fileEncoding = 4; lastKnownFileType = sourcecode.cpp.cpp; path = CAStreamBasicDescription.cpp; sourceTree = "<group>"; };
		E42C4EF713FD6441009CA603 /* CAStreamBasicDescription.h */ = {isa = PBXFileReference; fileEncoding = 4; lastKnownFileType = sourcecode.c.h; path = CAStreamBasicDescription.h; sourceTree = "<group>"; };
		E42C4EF813FD6441009CA603 /* CAXException.cpp */ = {isa = PBXFileReference; fileEncoding = 4; lastKnownFileType = sourcecode.cpp.cpp; path = CAXException.cpp; sourceTree = "<group>"; };
		E42C4EF913FD6441009CA603 /* CAXException.h */ = {isa = PBXFileReference; fileEncoding = 4; lastKnownFileType = sourcecode.c.h; path = CAXException.h; sourceTree = "<group>"; };
		E42C4EFA13FD6441009CA603 /* README */ = {isa = PBXFileReference; fileEncoding = 4; lastKnownFileType = text; path = README; sourceTree = "<group>"; };
		E42C4EFC13FD6441009CA603 /* ofxAudioFile.h */ = {isa = PBXFileReference; fileEncoding = 4; lastKnownFileType = sourcecode.c.h; path = ofxAudioFile.h; sourceTree = "<group>"; };
		E42C4EFD13FD6441009CA603 /* ofxAudioFile.mm */ = {isa = PBXFileReference; fileEncoding = 4; lastKnownFileType = sourcecode.cpp.objcpp; path = ofxAudioFile.mm; sourceTree = "<group>"; };
		E42C4F0013FD6441009CA603 /* ofxMidi.cpp */ = {isa = PBXFileReference; fileEncoding = 4; lastKnownFileType = sourcecode.cpp.cpp; path = ofxMidi.cpp; sourceTree = "<group>"; };
		E42C4F0113FD6441009CA603 /* ofxMidi.h */ = {isa = PBXFileReference; fileEncoding = 4; lastKnownFileType = sourcecode.c.h; path = ofxMidi.h; sourceTree = "<group>"; };
		E42C4F0213FD6441009CA603 /* ofxMidiTrack.cpp */ = {isa = PBXFileReference; fileEncoding = 4; lastKnownFileType = sourcecode.cpp.cpp; path = ofxMidiTrack.cpp; sourceTree = "<group>"; };
		E42C4F0313FD6441009CA603 /* ofxMidiTrack.h */ = {isa = PBXFileReference; fileEncoding = 4; lastKnownFileType = sourcecode.c.h; path = ofxMidiTrack.h; sourceTree = "<group>"; };
		E42C4F0613FD6441009CA603 /* ofxiFBO.h */ = {isa = PBXFileReference; fileEncoding = 4; lastKnownFileType = sourcecode.c.h; path = ofxiFBO.h; sourceTree = "<group>"; };
		E42C4F0713FD6441009CA603 /* ofxiFBO.mm */ = {isa = PBXFileReference; fileEncoding = 4; lastKnownFileType = sourcecode.cpp.objcpp; path = ofxiFBO.mm; sourceTree = "<group>"; };
		E42C4F0913FD6441009CA603 /* install.xml */ = {isa = PBXFileReference; fileEncoding = 4; lastKnownFileType = text.xml; path = install.xml; sourceTree = "<group>"; };
		E42C4F0B13FD6441009CA603 /* tinyxml.cpp */ = {isa = PBXFileReference; fileEncoding = 4; lastKnownFileType = sourcecode.cpp.cpp; path = tinyxml.cpp; sourceTree = "<group>"; };
		E42C4F0C13FD6441009CA603 /* tinyxml.h */ = {isa = PBXFileReference; fileEncoding = 4; lastKnownFileType = sourcecode.c.h; path = tinyxml.h; sourceTree = "<group>"; };
		E42C4F0D13FD6441009CA603 /* tinyxmlerror.cpp */ = {isa = PBXFileReference; fileEncoding = 4; lastKnownFileType = sourcecode.cpp.cpp; path = tinyxmlerror.cpp; sourceTree = "<group>"; };
		E42C4F0E13FD6441009CA603 /* tinyxmlparser.cpp */ = {isa = PBXFileReference; fileEncoding = 4; lastKnownFileType = sourcecode.cpp.cpp; path = tinyxmlparser.cpp; sourceTree = "<group>"; };
		E42C4F1013FD6441009CA603 /* ofxXmlSettings.cpp */ = {isa = PBXFileReference; fileEncoding = 4; lastKnownFileType = sourcecode.cpp.cpp; path = ofxXmlSettings.cpp; sourceTree = "<group>"; };
		E42C4F1113FD6441009CA603 /* ofxXmlSettings.h */ = {isa = PBXFileReference; fileEncoding = 4; lastKnownFileType = sourcecode.c.h; path = ofxXmlSettings.h; sourceTree = "<group>"; };
		E42C4F1313FD6441009CA603 /* easing.cpp */ = {isa = PBXFileReference; fileEncoding = 4; lastKnownFileType = sourcecode.cpp.cpp; path = easing.cpp; sourceTree = "<group>"; };
		E42C4F1413FD6441009CA603 /* easing.h */ = {isa = PBXFileReference; fileEncoding = 4; lastKnownFileType = sourcecode.c.h; path = easing.h; sourceTree = "<group>"; };
		E42C4F1513FD6441009CA603 /* ofMainExt.h */ = {isa = PBXFileReference; fileEncoding = 4; lastKnownFileType = sourcecode.c.h; path = ofMainExt.h; sourceTree = "<group>"; };
		E42C4F1613FD6441009CA603 /* ofMainExt.mm */ = {isa = PBXFileReference; fileEncoding = 4; lastKnownFileType = sourcecode.cpp.objcpp; path = ofMainExt.mm; sourceTree = "<group>"; };
		E42C4F1F13FD6441009CA603 /* ofxSlider.cpp */ = {isa = PBXFileReference; fileEncoding = 4; lastKnownFileType = sourcecode.cpp.cpp; path = ofxSlider.cpp; sourceTree = "<group>"; };
		E42C4F2013FD6441009CA603 /* ofxSlider.h */ = {isa = PBXFileReference; fileEncoding = 4; lastKnownFileType = sourcecode.c.h; path = ofxSlider.h; sourceTree = "<group>"; };
		E42C4F6813FD6575009CA603 /* cards.xml */ = {isa = PBXFileReference; fileEncoding = 4; lastKnownFileType = text.xml; path = cards.xml; sourceTree = "<group>"; };
		E42C4F6913FD6575009CA603 /* jingle_01.mid */ = {isa = PBXFileReference; lastKnownFileType = audio.midi; path = jingle_01.mid; sourceTree = "<group>"; };
		E42C4F6A13FD6575009CA603 /* jingle_02.mid */ = {isa = PBXFileReference; lastKnownFileType = audio.midi; path = jingle_02.mid; sourceTree = "<group>"; };
		E42C4F6B13FD6575009CA603 /* jingle_03.mid */ = {isa = PBXFileReference; lastKnownFileType = audio.midi; path = jingle_03.mid; sourceTree = "<group>"; };
		E42C4F6C13FD6575009CA603 /* santa.pvr */ = {isa = PBXFileReference; lastKnownFileType = file; path = santa.pvr; sourceTree = "<group>"; };
		E42C4F9D13FD661A009CA603 /* ofxRKTexture.h */ = {isa = PBXFileReference; fileEncoding = 4; lastKnownFileType = sourcecode.c.h; name = ofxRKTexture.h; path = ../../../../YesPlastic/src/ofxRKTexture.h; sourceTree = SOURCE_ROOT; };
		E42C4F9E13FD661A009CA603 /* ofxRKTexture.mm */ = {isa = PBXFileReference; fileEncoding = 4; lastKnownFileType = sourcecode.cpp.objcpp; name = ofxRKTexture.mm; path = ../../../../YesPlastic/src/ofxRKTexture.mm; sourceTree = SOURCE_ROOT; };
		E42C4F9F13FD661A009CA603 /* PVRTexture.m */ = {isa = PBXFileReference; fileEncoding = 4; lastKnownFileType = sourcecode.c.objc; name = PVRTexture.m; path = ../../../../YesPlastic/src/PVRTexture.m; sourceTree = SOURCE_ROOT; };
		E42C4FA013FD661A009CA603 /* PVRTexture.h */ = {isa = PBXFileReference; fileEncoding = 4; lastKnownFileType = sourcecode.c.h; name = PVRTexture.h; path = ../../../../YesPlastic/src/PVRTexture.h; sourceTree = SOURCE_ROOT; };
		E42C4FBF13FD667E009CA603 /* AVFoundation.framework */ = {isa = PBXFileReference; lastKnownFileType = wrapper.framework; name = AVFoundation.framework; path = ../audioVideoGrabber/iphoneos4.1/System/Library/Frameworks/AVFoundation.framework; sourceTree = SOURCE_ROOT; };
		E42C4FC013FD667E009CA603 /* CoreMedia.framework */ = {isa = PBXFileReference; lastKnownFileType = wrapper.framework; name = CoreMedia.framework; path = ../audioVideoGrabber/iphoneos4.1/System/Library/Frameworks/CoreMedia.framework; sourceTree = SOURCE_ROOT; };
		E42C4FC113FD667E009CA603 /* CoreVideo.framework */ = {isa = PBXFileReference; lastKnownFileType = wrapper.framework; name = CoreVideo.framework; path = ../audioVideoGrabber/iphoneos4.1/System/Library/Frameworks/CoreVideo.framework; sourceTree = SOURCE_ROOT; };
		E42C4FC713FD667E009CA603 /* CppUnit.a */ = {isa = PBXFileReference; lastKnownFileType = archive.ar; path = CppUnit.a; sourceTree = "<group>"; };
		E42C4FC813FD667E009CA603 /* PocoFoundation.a */ = {isa = PBXFileReference; lastKnownFileType = archive.ar; path = PocoFoundation.a; sourceTree = "<group>"; };
		E42C4FC913FD667E009CA603 /* PocoNet.a */ = {isa = PBXFileReference; lastKnownFileType = archive.ar; path = PocoNet.a; sourceTree = "<group>"; };
		E42C4FCA13FD667E009CA603 /* PocoUtil.a */ = {isa = PBXFileReference; lastKnownFileType = archive.ar; path = PocoUtil.a; sourceTree = "<group>"; };
		E42C4FCB13FD667E009CA603 /* PocoXML.a */ = {isa = PBXFileReference; lastKnownFileType = archive.ar; path = PocoXML.a; sourceTree = "<group>"; };
		E42C4FCD13FD667E009CA603 /* CppUnit.a */ = {isa = PBXFileReference; lastKnownFileType = archive.ar; path = CppUnit.a; sourceTree = "<group>"; };
		E42C4FCE13FD667E009CA603 /* PocoFoundation.a */ = {isa = PBXFileReference; lastKnownFileType = archive.ar; path = PocoFoundation.a; sourceTree = "<group>"; };
		E42C4FCF13FD667E009CA603 /* PocoNet.a */ = {isa = PBXFileReference; lastKnownFileType = archive.ar; path = PocoNet.a; sourceTree = "<group>"; };
		E42C4FD013FD667E009CA603 /* PocoUtil.a */ = {isa = PBXFileReference; lastKnownFileType = archive.ar; path = PocoUtil.a; sourceTree = "<group>"; };
		E42C4FD113FD667E009CA603 /* PocoXML.a */ = {isa = PBXFileReference; lastKnownFileType = archive.ar; path = PocoXML.a; sourceTree = "<group>"; };
		E42C4FD413FD667E009CA603 /* FreeImage.h */ = {isa = PBXFileReference; fileEncoding = 4; lastKnownFileType = sourcecode.c.h; path = FreeImage.h; sourceTree = "<group>"; };
		E42C4FD713FD667E009CA603 /* freeimage.a */ = {isa = PBXFileReference; lastKnownFileType = archive.ar; path = freeimage.a; sourceTree = "<group>"; };
		E42C4FD913FD667E009CA603 /* freeimage-iphone.a */ = {isa = PBXFileReference; lastKnownFileType = archive.ar; path = "freeimage-iphone.a"; sourceTree = "<group>"; };
		E42C4FDF13FD667E009CA603 /* ftconfig.h */ = {isa = PBXFileReference; fileEncoding = 4; lastKnownFileType = sourcecode.c.h; path = ftconfig.h; sourceTree = "<group>"; };
		E42C4FE013FD667E009CA603 /* ftheader.h */ = {isa = PBXFileReference; fileEncoding = 4; lastKnownFileType = sourcecode.c.h; path = ftheader.h; sourceTree = "<group>"; };
		E42C4FE113FD667E009CA603 /* ftmodule.h */ = {isa = PBXFileReference; fileEncoding = 4; lastKnownFileType = sourcecode.c.h; path = ftmodule.h; sourceTree = "<group>"; };
		E42C4FE213FD667E009CA603 /* ftoption.h */ = {isa = PBXFileReference; fileEncoding = 4; lastKnownFileType = sourcecode.c.h; path = ftoption.h; sourceTree = "<group>"; };
		E42C4FE313FD667E009CA603 /* ftstdlib.h */ = {isa = PBXFileReference; fileEncoding = 4; lastKnownFileType = sourcecode.c.h; path = ftstdlib.h; sourceTree = "<group>"; };
		E42C4FE413FD667E009CA603 /* freetype.h */ = {isa = PBXFileReference; fileEncoding = 4; lastKnownFileType = sourcecode.c.h; path = freetype.h; sourceTree = "<group>"; };
		E42C4FE513FD667E009CA603 /* ftbbox.h */ = {isa = PBXFileReference; fileEncoding = 4; lastKnownFileType = sourcecode.c.h; path = ftbbox.h; sourceTree = "<group>"; };
		E42C4FE613FD667E009CA603 /* ftbdf.h */ = {isa = PBXFileReference; fileEncoding = 4; lastKnownFileType = sourcecode.c.h; path = ftbdf.h; sourceTree = "<group>"; };
		E42C4FE713FD667E009CA603 /* ftbitmap.h */ = {isa = PBXFileReference; fileEncoding = 4; lastKnownFileType = sourcecode.c.h; path = ftbitmap.h; sourceTree = "<group>"; };
		E42C4FE813FD667E009CA603 /* ftcache.h */ = {isa = PBXFileReference; fileEncoding = 4; lastKnownFileType = sourcecode.c.h; path = ftcache.h; sourceTree = "<group>"; };
		E42C4FE913FD667E009CA603 /* ftchapters.h */ = {isa = PBXFileReference; fileEncoding = 4; lastKnownFileType = sourcecode.c.h; path = ftchapters.h; sourceTree = "<group>"; };
		E42C4FEA13FD667E009CA603 /* fterrdef.h */ = {isa = PBXFileReference; fileEncoding = 4; lastKnownFileType = sourcecode.c.h; path = fterrdef.h; sourceTree = "<group>"; };
		E42C4FEB13FD667E009CA603 /* fterrors.h */ = {isa = PBXFileReference; fileEncoding = 4; lastKnownFileType = sourcecode.c.h; path = fterrors.h; sourceTree = "<group>"; };
		E42C4FEC13FD667E009CA603 /* ftgasp.h */ = {isa = PBXFileReference; fileEncoding = 4; lastKnownFileType = sourcecode.c.h; path = ftgasp.h; sourceTree = "<group>"; };
		E42C4FED13FD667E009CA603 /* ftglyph.h */ = {isa = PBXFileReference; fileEncoding = 4; lastKnownFileType = sourcecode.c.h; path = ftglyph.h; sourceTree = "<group>"; };
		E42C4FEE13FD667E009CA603 /* ftgxval.h */ = {isa = PBXFileReference; fileEncoding = 4; lastKnownFileType = sourcecode.c.h; path = ftgxval.h; sourceTree = "<group>"; };
		E42C4FEF13FD667E009CA603 /* ftgzip.h */ = {isa = PBXFileReference; fileEncoding = 4; lastKnownFileType = sourcecode.c.h; path = ftgzip.h; sourceTree = "<group>"; };
		E42C4FF013FD667E009CA603 /* ftimage.h */ = {isa = PBXFileReference; fileEncoding = 4; lastKnownFileType = sourcecode.c.h; path = ftimage.h; sourceTree = "<group>"; };
		E42C4FF113FD667E009CA603 /* ftincrem.h */ = {isa = PBXFileReference; fileEncoding = 4; lastKnownFileType = sourcecode.c.h; path = ftincrem.h; sourceTree = "<group>"; };
		E42C4FF213FD667E009CA603 /* ftlcdfil.h */ = {isa = PBXFileReference; fileEncoding = 4; lastKnownFileType = sourcecode.c.h; path = ftlcdfil.h; sourceTree = "<group>"; };
		E42C4FF313FD667E009CA603 /* ftlist.h */ = {isa = PBXFileReference; fileEncoding = 4; lastKnownFileType = sourcecode.c.h; path = ftlist.h; sourceTree = "<group>"; };
		E42C4FF413FD667E009CA603 /* ftlzw.h */ = {isa = PBXFileReference; fileEncoding = 4; lastKnownFileType = sourcecode.c.h; path = ftlzw.h; sourceTree = "<group>"; };
		E42C4FF513FD667E009CA603 /* ftmac.h */ = {isa = PBXFileReference; fileEncoding = 4; lastKnownFileType = sourcecode.c.h; path = ftmac.h; sourceTree = "<group>"; };
		E42C4FF613FD667E009CA603 /* ftmm.h */ = {isa = PBXFileReference; fileEncoding = 4; lastKnownFileType = sourcecode.c.h; path = ftmm.h; sourceTree = "<group>"; };
		E42C4FF713FD667E009CA603 /* ftmodapi.h */ = {isa = PBXFileReference; fileEncoding = 4; lastKnownFileType = sourcecode.c.h; path = ftmodapi.h; sourceTree = "<group>"; };
		E42C4FF813FD667E009CA603 /* ftmoderr.h */ = {isa = PBXFileReference; fileEncoding = 4; lastKnownFileType = sourcecode.c.h; path = ftmoderr.h; sourceTree = "<group>"; };
		E42C4FF913FD667E009CA603 /* ftotval.h */ = {isa = PBXFileReference; fileEncoding = 4; lastKnownFileType = sourcecode.c.h; path = ftotval.h; sourceTree = "<group>"; };
		E42C4FFA13FD667E009CA603 /* ftoutln.h */ = {isa = PBXFileReference; fileEncoding = 4; lastKnownFileType = sourcecode.c.h; path = ftoutln.h; sourceTree = "<group>"; };
		E42C4FFB13FD667E009CA603 /* ftpfr.h */ = {isa = PBXFileReference; fileEncoding = 4; lastKnownFileType = sourcecode.c.h; path = ftpfr.h; sourceTree = "<group>"; };
		E42C4FFC13FD667E009CA603 /* ftrender.h */ = {isa = PBXFileReference; fileEncoding = 4; lastKnownFileType = sourcecode.c.h; path = ftrender.h; sourceTree = "<group>"; };
		E42C4FFD13FD667E009CA603 /* ftsizes.h */ = {isa = PBXFileReference; fileEncoding = 4; lastKnownFileType = sourcecode.c.h; path = ftsizes.h; sourceTree = "<group>"; };
		E42C4FFE13FD667E009CA603 /* ftsnames.h */ = {isa = PBXFileReference; fileEncoding = 4; lastKnownFileType = sourcecode.c.h; path = ftsnames.h; sourceTree = "<group>"; };
		E42C4FFF13FD667E009CA603 /* ftstroke.h */ = {isa = PBXFileReference; fileEncoding = 4; lastKnownFileType = sourcecode.c.h; path = ftstroke.h; sourceTree = "<group>"; };
		E42C500013FD667E009CA603 /* ftsynth.h */ = {isa = PBXFileReference; fileEncoding = 4; lastKnownFileType = sourcecode.c.h; path = ftsynth.h; sourceTree = "<group>"; };
		E42C500113FD667E009CA603 /* ftsystem.h */ = {isa = PBXFileReference; fileEncoding = 4; lastKnownFileType = sourcecode.c.h; path = ftsystem.h; sourceTree = "<group>"; };
		E42C500213FD667E009CA603 /* fttrigon.h */ = {isa = PBXFileReference; fileEncoding = 4; lastKnownFileType = sourcecode.c.h; path = fttrigon.h; sourceTree = "<group>"; };
		E42C500313FD667E009CA603 /* fttypes.h */ = {isa = PBXFileReference; fileEncoding = 4; lastKnownFileType = sourcecode.c.h; path = fttypes.h; sourceTree = "<group>"; };
		E42C500413FD667E009CA603 /* ftwinfnt.h */ = {isa = PBXFileReference; fileEncoding = 4; lastKnownFileType = sourcecode.c.h; path = ftwinfnt.h; sourceTree = "<group>"; };
		E42C500513FD667E009CA603 /* ftxf86.h */ = {isa = PBXFileReference; fileEncoding = 4; lastKnownFileType = sourcecode.c.h; path = ftxf86.h; sourceTree = "<group>"; };
		E42C500613FD667E009CA603 /* t1tables.h */ = {isa = PBXFileReference; fileEncoding = 4; lastKnownFileType = sourcecode.c.h; path = t1tables.h; sourceTree = "<group>"; };
		E42C500713FD667E009CA603 /* ttnameid.h */ = {isa = PBXFileReference; fileEncoding = 4; lastKnownFileType = sourcecode.c.h; path = ttnameid.h; sourceTree = "<group>"; };
		E42C500813FD667E009CA603 /* tttables.h */ = {isa = PBXFileReference; fileEncoding = 4; lastKnownFileType = sourcecode.c.h; path = tttables.h; sourceTree = "<group>"; };
		E42C500913FD667E009CA603 /* tttags.h */ = {isa = PBXFileReference; fileEncoding = 4; lastKnownFileType = sourcecode.c.h; path = tttags.h; sourceTree = "<group>"; };
		E42C500A13FD667E009CA603 /* ttunpat.h */ = {isa = PBXFileReference; fileEncoding = 4; lastKnownFileType = sourcecode.c.h; path = ttunpat.h; sourceTree = "<group>"; };
		E42C500B13FD667E009CA603 /* ft2build.h */ = {isa = PBXFileReference; fileEncoding = 4; lastKnownFileType = sourcecode.c.h; path = ft2build.h; sourceTree = "<group>"; };
		E42C500E13FD667E009CA603 /* freetype.a */ = {isa = PBXFileReference; lastKnownFileType = archive.ar; path = freetype.a; sourceTree = "<group>"; };
		E42C501013FD667E009CA603 /* freetype-iphone.a */ = {isa = PBXFileReference; lastKnownFileType = archive.ar; path = "freetype-iphone.a"; sourceTree = "<group>"; };
		E42C501313FD667E009CA603 /* glu.h */ = {isa = PBXFileReference; fileEncoding = 4; lastKnownFileType = sourcecode.c.h; path = glu.h; sourceTree = "<group>"; };
		E42C501413FD667E009CA603 /* gluos.h */ = {isa = PBXFileReference; fileEncoding = 4; lastKnownFileType = sourcecode.c.h; path = gluos.h; sourceTree = "<group>"; };
		E42C501713FD667E009CA603 /* glu-iphone.a */ = {isa = PBXFileReference; lastKnownFileType = archive.ar; path = "glu-iphone.a"; sourceTree = "<group>"; };
		E42C501813FD667E009CA603 /* glu.a */ = {isa = PBXFileReference; lastKnownFileType = archive.ar; path = glu.a; sourceTree = "<group>"; };
		E42C501A13FD667E009CA603 /* iPhone_Prefix.pch */ = {isa = PBXFileReference; fileEncoding = 4; lastKnownFileType = sourcecode.c.h; name = iPhone_Prefix.pch; path = ../audioVideoGrabber/iPhone_Prefix.pch; sourceTree = SOURCE_ROOT; };
		E42C501C13FD667E009CA603 /* OpenAL.framework */ = {isa = PBXFileReference; lastKnownFileType = wrapper.framework; name = OpenAL.framework; path = ../audioVideoGrabber/iphoneos4.1/System/Library/Frameworks/OpenAL.framework; sourceTree = SOURCE_ROOT; };
		E42C501D13FD667E009CA603 /* CoreGraphics.framework */ = {isa = PBXFileReference; lastKnownFileType = wrapper.framework; name = CoreGraphics.framework; path = ../audioVideoGrabber/iphoneos4.1/System/Library/Frameworks/CoreGraphics.framework; sourceTree = SOURCE_ROOT; };
		E42C501E13FD667E009CA603 /* AudioToolbox.framework */ = {isa = PBXFileReference; lastKnownFileType = wrapper.framework; name = AudioToolbox.framework; path = ../audioVideoGrabber/iphoneos4.1/System/Library/Frameworks/AudioToolbox.framework; sourceTree = SOURCE_ROOT; };
		E42C501F13FD667E009CA603 /* QuartzCore.framework */ = {isa = PBXFileReference; lastKnownFileType = wrapper.framework; name = QuartzCore.framework; path = ../audioVideoGrabber/iphoneos4.1/System/Library/Frameworks/QuartzCore.framework; sourceTree = SOURCE_ROOT; };
		E42C502013FD667E009CA603 /* OpenGLES.framework */ = {isa = PBXFileReference; lastKnownFileType = wrapper.framework; name = OpenGLES.framework; path = ../audioVideoGrabber/iphoneos4.1/System/Library/Frameworks/OpenGLES.framework; sourceTree = SOURCE_ROOT; };
		E42C502113FD667E009CA603 /* UIKit.framework */ = {isa = PBXFileReference; lastKnownFileType = wrapper.framework; name = UIKit.framework; path = ../audioVideoGrabber/iphoneos4.1/System/Library/Frameworks/UIKit.framework; sourceTree = SOURCE_ROOT; };
		E42C502213FD667E009CA603 /* Foundation.framework */ = {isa = PBXFileReference; lastKnownFileType = wrapper.framework; name = Foundation.framework; path = ../audioVideoGrabber/iphoneos4.1/System/Library/Frameworks/Foundation.framework; sourceTree = SOURCE_ROOT; };
		E42C502313FD667E009CA603 /* CoreGraphics.framework */ = {isa = PBXFileReference; lastKnownFileType = wrapper.framework; name = CoreGraphics.framework; path = ../audioVideoGrabber/iphoneos4.1/System/Library/Frameworks/CoreGraphics.framework; sourceTree = SOURCE_ROOT; };
		E42C502413FD667E009CA603 /* CoreLocation.framework */ = {isa = PBXFileReference; lastKnownFileType = wrapper.framework; name = CoreLocation.framework; path = ../audioVideoGrabber/iphoneos4.1/System/Library/Frameworks/CoreLocation.framework; sourceTree = SOURCE_ROOT; };
/* End PBXFileReference section */

/* Begin PBXFrameworksBuildPhase section */
		1D60588F0D05DD3D006BFB54 /* Frameworks */ = {
			isa = PBXFrameworksBuildPhase;
			buildActionMask = 2147483647;
			files = (
				BB24E23510DAA8AD00E9C588 /* libofxiPhone_iphoneos_Debug.a in Frameworks */,
				E42C502513FD667E009CA603 /* AVFoundation.framework in Frameworks */,
				E42C502613FD667E009CA603 /* CoreMedia.framework in Frameworks */,
				E42C502713FD667E009CA603 /* CoreVideo.framework in Frameworks */,
				E42C502813FD667E009CA603 /* CppUnit.a in Frameworks */,
				E42C502913FD667E009CA603 /* PocoFoundation.a in Frameworks */,
				E42C502A13FD667F009CA603 /* PocoNet.a in Frameworks */,
				E42C502B13FD667F009CA603 /* PocoUtil.a in Frameworks */,
				E42C502C13FD667F009CA603 /* PocoXML.a in Frameworks */,
				E42C502D13FD667F009CA603 /* CppUnit.a in Frameworks */,
				E42C502E13FD667F009CA603 /* PocoFoundation.a in Frameworks */,
				E42C502F13FD667F009CA603 /* PocoNet.a in Frameworks */,
				E42C503013FD667F009CA603 /* PocoUtil.a in Frameworks */,
				E42C503113FD667F009CA603 /* PocoXML.a in Frameworks */,
				E42C503213FD667F009CA603 /* freeimage.a in Frameworks */,
				E42C503313FD667F009CA603 /* freeimage-iphone.a in Frameworks */,
				E42C503413FD667F009CA603 /* freetype.a in Frameworks */,
				E42C503513FD667F009CA603 /* freetype-iphone.a in Frameworks */,
				E42C503613FD667F009CA603 /* glu-iphone.a in Frameworks */,
				E42C503713FD667F009CA603 /* glu.a in Frameworks */,
				E42C503813FD667F009CA603 /* OpenAL.framework in Frameworks */,
				E42C503913FD667F009CA603 /* CoreGraphics.framework in Frameworks */,
				E42C503A13FD667F009CA603 /* AudioToolbox.framework in Frameworks */,
				E42C503B13FD667F009CA603 /* QuartzCore.framework in Frameworks */,
				E42C503C13FD667F009CA603 /* OpenGLES.framework in Frameworks */,
				E42C503D13FD667F009CA603 /* UIKit.framework in Frameworks */,
				E42C503E13FD667F009CA603 /* Foundation.framework in Frameworks */,
				E42C503F13FD667F009CA603 /* CoreGraphics.framework in Frameworks */,
				E42C504013FD667F009CA603 /* CoreLocation.framework in Frameworks */,
			);
			runOnlyForDeploymentPostprocessing = 0;
		};
/* End PBXFrameworksBuildPhase section */

/* Begin PBXGroup section */
		19C28FACFE9D520D11CA2CBB /* Products */ = {
			isa = PBXGroup;
			children = (
				1D6058910D05DD3D006BFB54 /* SantaExample.app */,
			);
			name = Products;
			sourceTree = "<group>";
		};
		29B97314FDCFA39411CA2CEA /* CustomTemplate */ = {
			isa = PBXGroup;
			children = (
				BB16F3A50F2B73B000518274 /* src */,
				E42C4ED413FD6441009CA603 /* addons */,
				E42C4F6613FD6575009CA603 /* bin */,
				BB24DDC910DA781C00E9C588 /* ofxiphone-Info.plist */,
				BB24E1F710DAA51900E9C588 /* openFrameworks */,
				E42C4FBE13FD667E009CA603 /* libs */,
				19C28FACFE9D520D11CA2CBB /* Products */,
			);
			name = CustomTemplate;
			sourceTree = "<group>";
		};
		BB16F3A50F2B73B000518274 /* src */ = {
			isa = PBXGroup;
			children = (
				92145407111328FE0052F895 /* main.mm */,
				92145406111328FE0052F895 /* testApp.mm */,
				BB16F3AA0F2B73B000518274 /* testApp.h */,
			);
			path = src;
			sourceTree = "<group>";
		};
		BB24E1F710DAA51900E9C588 /* openFrameworks */ = {
			isa = PBXGroup;
			children = (
				BB24E22F10DAA8A700E9C588 /* iPhone+OF Lib.xcodeproj */,
			);
			name = openFrameworks;
			sourceTree = "<group>";
		};
		BB24E23010DAA8A700E9C588 /* Products */ = {
			isa = PBXGroup;
			children = (
				BB24E23410DAA8A700E9C588 /* libofxiPhone_iphoneos_Debug.a */,
			);
			name = Products;
			sourceTree = "<group>";
		};
		E42C4ED413FD6441009CA603 /* addons */ = {
			isa = PBXGroup;
			children = (
				E42C4F9C13FD661A009CA603 /* myOF */,
				E42C4ED513FD6441009CA603 /* ofxiPhoneVideo */,
				E42C4ED913FD6441009CA603 /* ofxiVideoGrabber */,
				E42C4EDF13FD6441009CA603 /* ofxiVideoPlayer */,
				E42C4EE313FD6441009CA603 /* ofxAudioSample */,
				E42C4EE613FD6441009CA603 /* ofxAudioSampler */,
				E42C4EEA13FD6441009CA603 /* ofxAudioPlayer */,
				E42C4EEE13FD6441009CA603 /* ofxAudioTrigger */,
				E42C4EF213FD6441009CA603 /* ofxAudio */,
				E42C4EFE13FD6441009CA603 /* ofxMidi */,
				E42C4F0413FD6441009CA603 /* ofxiFBO */,
				E42C4F0813FD6441009CA603 /* ofxXmlSettings */,
				E42C4F1213FD6441009CA603 /* common */,
				E42C4F1D13FD6441009CA603 /* ofxSlider */,
			);
			name = addons;
			sourceTree = "<group>";
		};
		E42C4ED513FD6441009CA603 /* ofxiPhoneVideo */ = {
			isa = PBXGroup;
			children = (
				E42C4ED613FD6441009CA603 /* src */,
			);
			name = ofxiPhoneVideo;
			path = "../../../My Addons/ofxiPhoneVideo";
			sourceTree = SOURCE_ROOT;
		};
		E42C4ED613FD6441009CA603 /* src */ = {
			isa = PBXGroup;
			children = (
				E42C4ED713FD6441009CA603 /* ofxiPhoneVideo.cpp */,
				E42C4ED813FD6441009CA603 /* ofxiPhoneVideo.h */,
			);
			path = src;
			sourceTree = "<group>";
		};
		E42C4ED913FD6441009CA603 /* ofxiVideoGrabber */ = {
			isa = PBXGroup;
			children = (
				E42C4EDA13FD6441009CA603 /* src */,
			);
			name = ofxiVideoGrabber;
			path = "../../../My Addons/ofxiVideoGrabber";
			sourceTree = SOURCE_ROOT;
		};
		E42C4EDA13FD6441009CA603 /* src */ = {
			isa = PBXGroup;
			children = (
				E42C4EDB13FD6441009CA603 /* MyVideoBuffer.h */,
				E42C4EDC13FD6441009CA603 /* MyVideoBuffer.mm */,
				E42C4EDD13FD6441009CA603 /* ofxiVideoGrabber.h */,
				E42C4EDE13FD6441009CA603 /* ofxiVideoGrabber.mm */,
			);
			path = src;
			sourceTree = "<group>";
		};
		E42C4EDF13FD6441009CA603 /* ofxiVideoPlayer */ = {
			isa = PBXGroup;
			children = (
				E42C4EE013FD6441009CA603 /* src */,
			);
			name = ofxiVideoPlayer;
			path = "../../../My Addons/ofxiVideoPlayer";
			sourceTree = SOURCE_ROOT;
		};
		E42C4EE013FD6441009CA603 /* src */ = {
			isa = PBXGroup;
			children = (
				E42C4EE113FD6441009CA603 /* ofxiVideoPlayer.cpp */,
				E42C4EE213FD6441009CA603 /* ofxiVideoPlayer.h */,
			);
			path = src;
			sourceTree = "<group>";
		};
		E42C4EE313FD6441009CA603 /* ofxAudioSample */ = {
			isa = PBXGroup;
			children = (
				E42C4EE413FD6441009CA603 /* src */,
			);
			name = ofxAudioSample;
			path = "../../../My Addons/ofxAudioSample";
			sourceTree = SOURCE_ROOT;
		};
		E42C4EE413FD6441009CA603 /* src */ = {
			isa = PBXGroup;
			children = (
				E42C4EE513FD6441009CA603 /* ofxAudioSample.h */,
			);
			path = src;
			sourceTree = "<group>";
		};
		E42C4EE613FD6441009CA603 /* ofxAudioSampler */ = {
			isa = PBXGroup;
			children = (
				E42C4EE713FD6441009CA603 /* src */,
			);
			name = ofxAudioSampler;
			path = "../../../My Addons/ofxAudioSampler";
			sourceTree = SOURCE_ROOT;
		};
		E42C4EE713FD6441009CA603 /* src */ = {
			isa = PBXGroup;
			children = (
				E42C4EE813FD6441009CA603 /* ofxAudioSampler.cpp */,
				E42C4EE913FD6441009CA603 /* ofxAudioSampler.h */,
			);
			path = src;
			sourceTree = "<group>";
		};
		E42C4EEA13FD6441009CA603 /* ofxAudioPlayer */ = {
			isa = PBXGroup;
			children = (
				E42C4EEB13FD6441009CA603 /* src */,
			);
			name = ofxAudioPlayer;
			path = "../../../My Addons/ofxAudioPlayer";
			sourceTree = SOURCE_ROOT;
		};
		E42C4EEB13FD6441009CA603 /* src */ = {
			isa = PBXGroup;
			children = (
				E42C4EEC13FD6441009CA603 /* ofxAudioPlayer.cpp */,
				E42C4EED13FD6441009CA603 /* ofxAudioPlayer.h */,
			);
			path = src;
			sourceTree = "<group>";
		};
		E42C4EEE13FD6441009CA603 /* ofxAudioTrigger */ = {
			isa = PBXGroup;
			children = (
				E42C4EEF13FD6441009CA603 /* src */,
			);
			name = ofxAudioTrigger;
			path = "../../../My Addons/ofxAudioTrigger";
			sourceTree = SOURCE_ROOT;
		};
		E42C4EEF13FD6441009CA603 /* src */ = {
			isa = PBXGroup;
			children = (
				E42C4EF013FD6441009CA603 /* ofxAudioTrigger.cpp */,
				E42C4EF113FD6441009CA603 /* ofxAudioTrigger.h */,
			);
			path = src;
			sourceTree = "<group>";
		};
		E42C4EF213FD6441009CA603 /* ofxAudio */ = {
			isa = PBXGroup;
			children = (
				E42C4EF313FD6441009CA603 /* iPublicUtility */,
				E42C4EFA13FD6441009CA603 /* README */,
				E42C4EFB13FD6441009CA603 /* src */,
			);
			name = ofxAudio;
			path = "../../../My Addons/ofxAudio";
			sourceTree = SOURCE_ROOT;
		};
		E42C4EF313FD6441009CA603 /* iPublicUtility */ = {
			isa = PBXGroup;
			children = (
				E42C4EF413FD6441009CA603 /* CADebugMacros.h */,
				E42C4EF513FD6441009CA603 /* CAMath.h */,
				E42C4EF613FD6441009CA603 /* CAStreamBasicDescription.cpp */,
				E42C4EF713FD6441009CA603 /* CAStreamBasicDescription.h */,
				E42C4EF813FD6441009CA603 /* CAXException.cpp */,
				E42C4EF913FD6441009CA603 /* CAXException.h */,
			);
			path = iPublicUtility;
			sourceTree = "<group>";
		};
		E42C4EFB13FD6441009CA603 /* src */ = {
			isa = PBXGroup;
			children = (
				E42C4EFC13FD6441009CA603 /* ofxAudioFile.h */,
				E42C4EFD13FD6441009CA603 /* ofxAudioFile.mm */,
			);
			path = src;
			sourceTree = "<group>";
		};
		E42C4EFE13FD6441009CA603 /* ofxMidi */ = {
			isa = PBXGroup;
			children = (
				E42C4EFF13FD6441009CA603 /* src */,
			);
			name = ofxMidi;
			path = "../../../My Addons/ofxMidi";
			sourceTree = SOURCE_ROOT;
		};
		E42C4EFF13FD6441009CA603 /* src */ = {
			isa = PBXGroup;
			children = (
				E42C4F0013FD6441009CA603 /* ofxMidi.cpp */,
				E42C4F0113FD6441009CA603 /* ofxMidi.h */,
				E42C4F0213FD6441009CA603 /* ofxMidiTrack.cpp */,
				E42C4F0313FD6441009CA603 /* ofxMidiTrack.h */,
			);
			path = src;
			sourceTree = "<group>";
		};
		E42C4F0413FD6441009CA603 /* ofxiFBO */ = {
			isa = PBXGroup;
			children = (
				E42C4F0513FD6441009CA603 /* src */,
			);
			name = ofxiFBO;
			path = "../../../My Addons/ofxiFBO";
			sourceTree = SOURCE_ROOT;
		};
		E42C4F0513FD6441009CA603 /* src */ = {
			isa = PBXGroup;
			children = (
				E42C4F0613FD6441009CA603 /* ofxiFBO.h */,
				E42C4F0713FD6441009CA603 /* ofxiFBO.mm */,
			);
			path = src;
			sourceTree = "<group>";
		};
		E42C4F0813FD6441009CA603 /* ofxXmlSettings */ = {
			isa = PBXGroup;
			children = (
				E42C4F0913FD6441009CA603 /* install.xml */,
				E42C4F0A13FD6441009CA603 /* libs */,
				E42C4F0F13FD6441009CA603 /* src */,
			);
			name = ofxXmlSettings;
			path = ../../../addons/ofxXmlSettings;
			sourceTree = SOURCE_ROOT;
		};
		E42C4F0A13FD6441009CA603 /* libs */ = {
			isa = PBXGroup;
			children = (
				E42C4F0B13FD6441009CA603 /* tinyxml.cpp */,
				E42C4F0C13FD6441009CA603 /* tinyxml.h */,
				E42C4F0D13FD6441009CA603 /* tinyxmlerror.cpp */,
				E42C4F0E13FD6441009CA603 /* tinyxmlparser.cpp */,
			);
			path = libs;
			sourceTree = "<group>";
		};
		E42C4F0F13FD6441009CA603 /* src */ = {
			isa = PBXGroup;
			children = (
				E42C4F1013FD6441009CA603 /* ofxXmlSettings.cpp */,
				E42C4F1113FD6441009CA603 /* ofxXmlSettings.h */,
			);
			path = src;
			sourceTree = "<group>";
		};
		E42C4F1213FD6441009CA603 /* common */ = {
			isa = PBXGroup;
			children = (
				E42C4F1313FD6441009CA603 /* easing.cpp */,
				E42C4F1413FD6441009CA603 /* easing.h */,
				E42C4F1513FD6441009CA603 /* ofMainExt.h */,
				E42C4F1613FD6441009CA603 /* ofMainExt.mm */,
			);
			name = common;
			path = "../../../My Addons/common";
			sourceTree = SOURCE_ROOT;
		};
		E42C4F1D13FD6441009CA603 /* ofxSlider */ = {
			isa = PBXGroup;
			children = (
				E42C4F1E13FD6441009CA603 /* src */,
			);
			name = ofxSlider;
			path = "../../../My Addons/ofxSlider";
			sourceTree = SOURCE_ROOT;
		};
		E42C4F1E13FD6441009CA603 /* src */ = {
			isa = PBXGroup;
			children = (
				E42C4F1F13FD6441009CA603 /* ofxSlider.cpp */,
				E42C4F2013FD6441009CA603 /* ofxSlider.h */,
			);
			path = src;
			sourceTree = "<group>";
		};
		E42C4F6613FD6575009CA603 /* bin */ = {
			isa = PBXGroup;
			children = (
				E42C4F6713FD6575009CA603 /* data */,
			);
			path = bin;
			sourceTree = "<group>";
		};
		E42C4F6713FD6575009CA603 /* data */ = {
			isa = PBXGroup;
			children = (
				E42C4F6813FD6575009CA603 /* cards.xml */,
				E42C4F6913FD6575009CA603 /* jingle_01.mid */,
				E42C4F6A13FD6575009CA603 /* jingle_02.mid */,
				E42C4F6B13FD6575009CA603 /* jingle_03.mid */,
				E42C4F6C13FD6575009CA603 /* santa.pvr */,
			);
			path = data;
			sourceTree = "<group>";
		};
		E42C4F9C13FD661A009CA603 /* myOF */ = {
			isa = PBXGroup;
			children = (
				E42C4F9D13FD661A009CA603 /* ofxRKTexture.h */,
				E42C4F9E13FD661A009CA603 /* ofxRKTexture.mm */,
				E42C4F9F13FD661A009CA603 /* PVRTexture.m */,
				E42C4FA013FD661A009CA603 /* PVRTexture.h */,
			);
			name = myOF;
			sourceTree = "<group>";
		};
		E42C4FBE13FD667E009CA603 /* libs */ = {
			isa = PBXGroup;
			children = (
				E42C4FC213FD667E009CA603 /* core */,
				E42C4FBF13FD667E009CA603 /* AVFoundation.framework */,
				E42C4FC013FD667E009CA603 /* CoreMedia.framework */,
				E42C4FC113FD667E009CA603 /* CoreVideo.framework */,
			);
			name = libs;
			sourceTree = "<group>";
		};
		E42C4FC213FD667E009CA603 /* core */ = {
			isa = PBXGroup;
			children = (
				E42C501B13FD667E009CA603 /* core frameworks */,
				E42C4FC313FD667E009CA603 /* core libraries */,
			);
			name = core;
			sourceTree = "<group>";
		};
		E42C4FC313FD667E009CA603 /* core libraries */ = {
			isa = PBXGroup;
			children = (
				E42C501913FD667E009CA603 /* Other Sources */,
				E42C4FD213FD667E009CA603 /* FreeImage */,
				E42C4FDA13FD667E009CA603 /* freetype */,
				E42C501113FD667E009CA603 /* glu */,
				E42C4FC413FD667E009CA603 /* poco */,
			);
			name = "core libraries";
			sourceTree = "<group>";
		};
		E42C4FC413FD667E009CA603 /* poco */ = {
			isa = PBXGroup;
			children = (
				E42C4FC513FD667E009CA603 /* lib */,
			);
			name = poco;
			sourceTree = "<group>";
		};
		E42C4FC513FD667E009CA603 /* lib */ = {
			isa = PBXGroup;
			children = (
				E42C4FC613FD667E009CA603 /* iphone */,
				E42C4FCC13FD667E009CA603 /* osx */,
			);
			name = lib;
			path = ../../../libs/poco/lib;
			sourceTree = SOURCE_ROOT;
		};
		E42C4FC613FD667E009CA603 /* iphone */ = {
			isa = PBXGroup;
			children = (
				E42C4FC713FD667E009CA603 /* CppUnit.a */,
				E42C4FC813FD667E009CA603 /* PocoFoundation.a */,
				E42C4FC913FD667E009CA603 /* PocoNet.a */,
				E42C4FCA13FD667E009CA603 /* PocoUtil.a */,
				E42C4FCB13FD667E009CA603 /* PocoXML.a */,
			);
			path = iphone;
			sourceTree = "<group>";
		};
		E42C4FCC13FD667E009CA603 /* osx */ = {
			isa = PBXGroup;
			children = (
				E42C4FCD13FD667E009CA603 /* CppUnit.a */,
				E42C4FCE13FD667E009CA603 /* PocoFoundation.a */,
				E42C4FCF13FD667E009CA603 /* PocoNet.a */,
				E42C4FD013FD667E009CA603 /* PocoUtil.a */,
				E42C4FD113FD667E009CA603 /* PocoXML.a */,
			);
			path = osx;
			sourceTree = "<group>";
		};
		E42C4FD213FD667E009CA603 /* FreeImage */ = {
			isa = PBXGroup;
			children = (
				E42C4FD313FD667E009CA603 /* include */,
				E42C4FD513FD667E009CA603 /* lib */,
			);
			name = FreeImage;
			path = ../../../libs/FreeImage;
			sourceTree = SOURCE_ROOT;
		};
		E42C4FD313FD667E009CA603 /* include */ = {
			isa = PBXGroup;
			children = (
				E42C4FD413FD667E009CA603 /* FreeImage.h */,
			);
			path = include;
			sourceTree = "<group>";
		};
		E42C4FD513FD667E009CA603 /* lib */ = {
			isa = PBXGroup;
			children = (
				E42C4FD613FD667E009CA603 /* osx */,
				E42C4FD813FD667E009CA603 /* iphone */,
			);
			path = lib;
			sourceTree = "<group>";
		};
		E42C4FD613FD667E009CA603 /* osx */ = {
			isa = PBXGroup;
			children = (
				E42C4FD713FD667E009CA603 /* freeimage.a */,
			);
			path = osx;
			sourceTree = "<group>";
		};
		E42C4FD813FD667E009CA603 /* iphone */ = {
			isa = PBXGroup;
			children = (
				E42C4FD913FD667E009CA603 /* freeimage-iphone.a */,
			);
			path = iphone;
			sourceTree = "<group>";
		};
		E42C4FDA13FD667E009CA603 /* freetype */ = {
			isa = PBXGroup;
			children = (
				E42C4FDB13FD667E009CA603 /* include */,
				E42C500C13FD667E009CA603 /* lib */,
			);
			name = freetype;
			path = ../../../libs/freetype;
			sourceTree = SOURCE_ROOT;
		};
		E42C4FDB13FD667E009CA603 /* include */ = {
			isa = PBXGroup;
			children = (
				E42C4FDC13FD667E009CA603 /* freetype2 */,
				E42C500B13FD667E009CA603 /* ft2build.h */,
			);
			path = include;
			sourceTree = "<group>";
		};
		E42C4FDC13FD667E009CA603 /* freetype2 */ = {
			isa = PBXGroup;
			children = (
				E42C4FDD13FD667E009CA603 /* freetype */,
			);
			path = freetype2;
			sourceTree = "<group>";
		};
		E42C4FDD13FD667E009CA603 /* freetype */ = {
			isa = PBXGroup;
			children = (
				E42C4FDE13FD667E009CA603 /* config */,
				E42C4FE413FD667E009CA603 /* freetype.h */,
				E42C4FE513FD667E009CA603 /* ftbbox.h */,
				E42C4FE613FD667E009CA603 /* ftbdf.h */,
				E42C4FE713FD667E009CA603 /* ftbitmap.h */,
				E42C4FE813FD667E009CA603 /* ftcache.h */,
				E42C4FE913FD667E009CA603 /* ftchapters.h */,
				E42C4FEA13FD667E009CA603 /* fterrdef.h */,
				E42C4FEB13FD667E009CA603 /* fterrors.h */,
				E42C4FEC13FD667E009CA603 /* ftgasp.h */,
				E42C4FED13FD667E009CA603 /* ftglyph.h */,
				E42C4FEE13FD667E009CA603 /* ftgxval.h */,
				E42C4FEF13FD667E009CA603 /* ftgzip.h */,
				E42C4FF013FD667E009CA603 /* ftimage.h */,
				E42C4FF113FD667E009CA603 /* ftincrem.h */,
				E42C4FF213FD667E009CA603 /* ftlcdfil.h */,
				E42C4FF313FD667E009CA603 /* ftlist.h */,
				E42C4FF413FD667E009CA603 /* ftlzw.h */,
				E42C4FF513FD667E009CA603 /* ftmac.h */,
				E42C4FF613FD667E009CA603 /* ftmm.h */,
				E42C4FF713FD667E009CA603 /* ftmodapi.h */,
				E42C4FF813FD667E009CA603 /* ftmoderr.h */,
				E42C4FF913FD667E009CA603 /* ftotval.h */,
				E42C4FFA13FD667E009CA603 /* ftoutln.h */,
				E42C4FFB13FD667E009CA603 /* ftpfr.h */,
				E42C4FFC13FD667E009CA603 /* ftrender.h */,
				E42C4FFD13FD667E009CA603 /* ftsizes.h */,
				E42C4FFE13FD667E009CA603 /* ftsnames.h */,
				E42C4FFF13FD667E009CA603 /* ftstroke.h */,
				E42C500013FD667E009CA603 /* ftsynth.h */,
				E42C500113FD667E009CA603 /* ftsystem.h */,
				E42C500213FD667E009CA603 /* fttrigon.h */,
				E42C500313FD667E009CA603 /* fttypes.h */,
				E42C500413FD667E009CA603 /* ftwinfnt.h */,
				E42C500513FD667E009CA603 /* ftxf86.h */,
				E42C500613FD667E009CA603 /* t1tables.h */,
				E42C500713FD667E009CA603 /* ttnameid.h */,
				E42C500813FD667E009CA603 /* tttables.h */,
				E42C500913FD667E009CA603 /* tttags.h */,
				E42C500A13FD667E009CA603 /* ttunpat.h */,
			);
			path = freetype;
			sourceTree = "<group>";
		};
		E42C4FDE13FD667E009CA603 /* config */ = {
			isa = PBXGroup;
			children = (
				E42C4FDF13FD667E009CA603 /* ftconfig.h */,
				E42C4FE013FD667E009CA603 /* ftheader.h */,
				E42C4FE113FD667E009CA603 /* ftmodule.h */,
				E42C4FE213FD667E009CA603 /* ftoption.h */,
				E42C4FE313FD667E009CA603 /* ftstdlib.h */,
			);
			path = config;
			sourceTree = "<group>";
		};
		E42C500C13FD667E009CA603 /* lib */ = {
			isa = PBXGroup;
			children = (
				E42C500D13FD667E009CA603 /* osx */,
				E42C500F13FD667E009CA603 /* iphone */,
			);
			path = lib;
			sourceTree = "<group>";
		};
		E42C500D13FD667E009CA603 /* osx */ = {
			isa = PBXGroup;
			children = (
				E42C500E13FD667E009CA603 /* freetype.a */,
			);
			path = osx;
			sourceTree = "<group>";
		};
		E42C500F13FD667E009CA603 /* iphone */ = {
			isa = PBXGroup;
			children = (
				E42C501013FD667E009CA603 /* freetype-iphone.a */,
			);
			path = iphone;
			sourceTree = "<group>";
		};
		E42C501113FD667E009CA603 /* glu */ = {
			isa = PBXGroup;
			children = (
				E42C501213FD667E009CA603 /* include_iphone */,
				E42C501513FD667E009CA603 /* lib */,
			);
			name = glu;
			path = ../../../libs/glu;
			sourceTree = SOURCE_ROOT;
		};
		E42C501213FD667E009CA603 /* include_iphone */ = {
			isa = PBXGroup;
			children = (
				E42C501313FD667E009CA603 /* glu.h */,
				E42C501413FD667E009CA603 /* gluos.h */,
			);
			path = include_iphone;
			sourceTree = "<group>";
		};
		E42C501513FD667E009CA603 /* lib */ = {
			isa = PBXGroup;
			children = (
				E42C501613FD667E009CA603 /* iphone */,
			);
			path = lib;
			sourceTree = "<group>";
		};
		E42C501613FD667E009CA603 /* iphone */ = {
			isa = PBXGroup;
			children = (
				E42C501713FD667E009CA603 /* glu-iphone.a */,
				E42C501813FD667E009CA603 /* glu.a */,
			);
			path = iphone;
			sourceTree = "<group>";
		};
		E42C501913FD667E009CA603 /* Other Sources */ = {
			isa = PBXGroup;
			children = (
				E42C501A13FD667E009CA603 /* iPhone_Prefix.pch */,
			);
			name = "Other Sources";
			sourceTree = "<group>";
		};
		E42C501B13FD667E009CA603 /* core frameworks */ = {
			isa = PBXGroup;
			children = (
				E42C501C13FD667E009CA603 /* OpenAL.framework */,
				E42C501D13FD667E009CA603 /* CoreGraphics.framework */,
				E42C501E13FD667E009CA603 /* AudioToolbox.framework */,
				E42C501F13FD667E009CA603 /* QuartzCore.framework */,
				E42C502013FD667E009CA603 /* OpenGLES.framework */,
				E42C502113FD667E009CA603 /* UIKit.framework */,
				E42C502213FD667E009CA603 /* Foundation.framework */,
				E42C502313FD667E009CA603 /* CoreGraphics.framework */,
				E42C502413FD667E009CA603 /* CoreLocation.framework */,
			);
			name = "core frameworks";
			sourceTree = "<group>";
		};
/* End PBXGroup section */

/* Begin PBXNativeTarget section */
		1D6058900D05DD3D006BFB54 /* SantaExample */ = {
			isa = PBXNativeTarget;
			buildConfigurationList = 1D6058960D05DD3E006BFB54 /* Build configuration list for PBXNativeTarget "SantaExample" */;
			buildPhases = (
				1D60588D0D05DD3D006BFB54 /* Resources */,
				1D60588E0D05DD3D006BFB54 /* Sources */,
				1D60588F0D05DD3D006BFB54 /* Frameworks */,
				9255DD331112741900D6945E /* ShellScript */,
			);
			buildRules = (
			);
			dependencies = (
				BB24E23E10DAA93400E9C588 /* PBXTargetDependency */,
			);
			name = SantaExample;
			productName = iPhone;
			productReference = 1D6058910D05DD3D006BFB54 /* SantaExample.app */;
			productType = "com.apple.product-type.application";
		};
/* End PBXNativeTarget section */

/* Begin PBXProject section */
		29B97313FDCFA39411CA2CEA /* Project object */ = {
			isa = PBXProject;
			buildConfigurationList = C01FCF4E08A954540054247B /* Build configuration list for PBXProject "iPhoneSantaExample" */;
			compatibilityVersion = "Xcode 3.2";
			developmentRegion = English;
			hasScannedForEncodings = 1;
			knownRegions = (
				English,
				Japanese,
				French,
				German,
			);
			mainGroup = 29B97314FDCFA39411CA2CEA /* CustomTemplate */;
			projectDirPath = "";
			projectReferences = (
				{
					ProductGroup = BB24E23010DAA8A700E9C588 /* Products */;
					ProjectRef = BB24E22F10DAA8A700E9C588 /* iPhone+OF Lib.xcodeproj */;
				},
			);
			projectRoot = "";
			targets = (
				1D6058900D05DD3D006BFB54 /* SantaExample */,
			);
		};
/* End PBXProject section */

/* Begin PBXReferenceProxy section */
		BB24E23410DAA8A700E9C588 /* libofxiPhone_iphoneos_Debug.a */ = {
			isa = PBXReferenceProxy;
			fileType = archive.ar;
			path = libofxiPhone_iphoneos_Debug.a;
			remoteRef = BB24E23310DAA8A700E9C588 /* PBXContainerItemProxy */;
			sourceTree = BUILT_PRODUCTS_DIR;
		};
/* End PBXReferenceProxy section */

/* Begin PBXResourcesBuildPhase section */
		1D60588D0D05DD3D006BFB54 /* Resources */ = {
			isa = PBXResourcesBuildPhase;
			buildActionMask = 2147483647;
			files = (
				BB24DDCA10DA781C00E9C588 /* ofxiphone-Info.plist in Resources */,
				E42C4F2A13FD6441009CA603 /* README in Resources */,
				E42C4F2F13FD6441009CA603 /* install.xml in Resources */,
			);
			runOnlyForDeploymentPostprocessing = 0;
		};
/* End PBXResourcesBuildPhase section */

/* Begin PBXShellScriptBuildPhase section */
		9255DD331112741900D6945E /* ShellScript */ = {
			isa = PBXShellScriptBuildPhase;
			buildActionMask = 2147483647;
			files = (
			);
			inputPaths = (
			);
			outputPaths = (
			);
			runOnlyForDeploymentPostprocessing = 0;
			shellPath = /bin/sh;
			shellScript = "cp -rf bin/data/ \"$TARGET_BUILD_DIR/$PRODUCT_NAME.app\"\n";
		};
/* End PBXShellScriptBuildPhase section */

/* Begin PBXSourcesBuildPhase section */
		1D60588E0D05DD3D006BFB54 /* Sources */ = {
			isa = PBXSourcesBuildPhase;
			buildActionMask = 2147483647;
			files = (
				92145408111328FE0052F895 /* testApp.mm in Sources */,
				92145409111328FE0052F895 /* main.mm in Sources */,
				E42C4F2113FD6441009CA603 /* ofxiPhoneVideo.cpp in Sources */,
				E42C4F2213FD6441009CA603 /* MyVideoBuffer.mm in Sources */,
				E42C4F2313FD6441009CA603 /* ofxiVideoGrabber.mm in Sources */,
				E42C4F2413FD6441009CA603 /* ofxiVideoPlayer.cpp in Sources */,
				E42C4F2513FD6441009CA603 /* ofxAudioSampler.cpp in Sources */,
				E42C4F2613FD6441009CA603 /* ofxAudioPlayer.cpp in Sources */,
				E42C4F2713FD6441009CA603 /* ofxAudioTrigger.cpp in Sources */,
				E42C4F2813FD6441009CA603 /* CAStreamBasicDescription.cpp in Sources */,
				E42C4F2913FD6441009CA603 /* CAXException.cpp in Sources */,
				E42C4F2B13FD6441009CA603 /* ofxAudioFile.mm in Sources */,
				E42C4F2C13FD6441009CA603 /* ofxMidi.cpp in Sources */,
				E42C4F2D13FD6441009CA603 /* ofxMidiTrack.cpp in Sources */,
				E42C4F2E13FD6441009CA603 /* ofxiFBO.mm in Sources */,
				E42C4F3013FD6441009CA603 /* tinyxml.cpp in Sources */,
				E42C4F3113FD6441009CA603 /* tinyxmlerror.cpp in Sources */,
				E42C4F3213FD6441009CA603 /* tinyxmlparser.cpp in Sources */,
				E42C4F3313FD6441009CA603 /* ofxXmlSettings.cpp in Sources */,
				E42C4F3413FD6441009CA603 /* easing.cpp in Sources */,
				E42C4F3513FD6441009CA603 /* ofMainExt.mm in Sources */,
				E42C4F3813FD6441009CA603 /* ofxSlider.cpp in Sources */,
				E42C4FA113FD661A009CA603 /* ofxRKTexture.mm in Sources */,
				E42C4FA213FD661A009CA603 /* PVRTexture.m in Sources */,
			);
			runOnlyForDeploymentPostprocessing = 0;
		};
/* End PBXSourcesBuildPhase section */

/* Begin PBXTargetDependency section */
		BB24E23E10DAA93400E9C588 /* PBXTargetDependency */ = {
			isa = PBXTargetDependency;
			name = "iPhone+OF Static Library";
			targetProxy = BB24E23D10DAA93400E9C588 /* PBXContainerItemProxy */;
		};
/* End PBXTargetDependency section */

/* Begin XCBuildConfiguration section */
		1D6058940D05DD3E006BFB54 /* Debug */ = {
			isa = XCBuildConfiguration;
			buildSettings = {
				ALWAYS_SEARCH_USER_PATHS = NO;
				"CODE_SIGN_IDENTITY[sdk=iphoneos*]" = "iPhone Developer: Roee Kremer (S8LHA25A98)";
				COPY_PHASE_STRIP = NO;
				FRAMEWORK_SEARCH_PATHS = (
					"$(inherited)",
					"\"$(SRCROOT)/../audioVideoGrabber/iphoneos4.1/System/Library/Frameworks\"",
				);
				GCC_DYNAMIC_NO_PIC = NO;
				GCC_OPTIMIZATION_LEVEL = 0;
				GCC_PRECOMPILE_PREFIX_HEADER = YES;
				GCC_PREFIX_HEADER = iPhone_Prefix.pch;
				GCC_PREPROCESSOR_DEFINITIONS = "";
				GCC_THUMB_SUPPORT = NO;
				HEADER_SEARCH_PATHS = (
					../../../libs/poco/include,
					"../../../addons/ofxAccelerometer/**",
					"../../../addons/ofxMultitouch/**",
					"../../../addons/ofxiPhone/**",
					"../../../libs/openFrameworks/**",
					"../../../libs/freetype/**",
				);
				INFOPLIST_FILE = "ofxiphone-Info.plist";
				LIBRARY_SEARCH_PATHS = (
					"$(inherited)",
					"\"$(SRCROOT)/../../../libs/freetype/lib\"",
					"\"$(SRCROOT)/../../../libs/freeimage/lib\"",
					"\"$(SRCROOT)/../../../libs/gluIphone\"",
					"\"$(SRCROOT)/../../../libs/FreeImage/lib/iphone\"",
					"\"$(SRCROOT)/../../../libs/FreeImage/lib/linux\"",
					"\"$(SRCROOT)/../../../libs/FreeImage/lib/linux64\"",
					"\"$(SRCROOT)/../../../libs/FreeImage/lib/osx\"",
					"\"$(SRCROOT)/../../../libs/FreeImage/lib/vs2008\"",
					"\"$(SRCROOT)/../../../libs/FreeImage/lib/win_cb\"",
					"\"$(SRCROOT)/../../../libs/freetype/lib/iphone\"",
					"\"$(SRCROOT)/../../../libs/freetype/lib/linux\"",
					"\"$(SRCROOT)/../../../libs/freetype/lib/linux64\"",
					"\"$(SRCROOT)/../../../libs/freetype/lib/osx\"",
					"\"$(SRCROOT)/../../../libs/freetype/lib/vs2008\"",
					"\"$(SRCROOT)/../../../libs/freetype/lib/win_cb\"",
					"\"$(SRCROOT)/../../../libs/glu/lib/iphone\"",
					"\"$(SRCROOT)/../../../libs/glu/lib/vs2008\"",
					"\"$(SRCROOT)/../../../libs/glu/lib/win_cb\"",
					"\"$(DEVELOPER_DIR)/openFrameworks/libs/poco/lib/armv6\"",
					"\"$(DEVELOPER_DIR)/openFrameworks/libs/poco/lib/linux\"",
					"\"$(DEVELOPER_DIR)/openFrameworks/libs/poco/lib/linux64\"",
					"\"$(DEVELOPER_DIR)/openFrameworks/libs/poco/lib/osx\"",
					"\"$(DEVELOPER_DIR)/openFrameworks/libs/poco/lib/vs2008\"",
					"\"$(DEVELOPER_DIR)/openFrameworks/libs/poco/lib/win_cb\"",
					"\"$(SRCROOT)/../../../libs/poco/lib/iphone\"",
					"\"$(SRCROOT)/../../../libs/poco/lib/osx\"",
				);
				OTHER_LDFLAGS = (
					"-ObjC",
					"-w",
				);
				PRODUCT_NAME = "${TARGET_NAME}";
				"PROVISIONING_PROFILE[sdk=iphoneos*]" = "325CF5E2-1D8D-40CF-A295-982D0BD65130";
				SDKROOT = iphoneos;
			};
			name = Debug;
		};
		1D6058950D05DD3E006BFB54 /* Release */ = {
			isa = XCBuildConfiguration;
			buildSettings = {
				ALWAYS_SEARCH_USER_PATHS = NO;
				CODE_SIGN_ENTITLEMENTS = "";
				"CODE_SIGN_IDENTITY[sdk=iphoneos*]" = "iPhone Developer: Roee Kremer (G22F3GL4MN)";
				COPY_PHASE_STRIP = YES;
				FRAMEWORK_SEARCH_PATHS = (
					"$(inherited)",
					"\"$(SRCROOT)/../audioVideoGrabber/iphoneos4.1/System/Library/Frameworks\"",
				);
				GCC_PRECOMPILE_PREFIX_HEADER = YES;
				GCC_PREFIX_HEADER = iPhone_Prefix.pch;
				GCC_THUMB_SUPPORT = NO;
				HEADER_SEARCH_PATHS = (
					../../../libs/poco/include,
					"../../../addons/ofxAccelerometer/**",
					"../../../addons/ofxMultitouch/**",
					"../../../addons/ofxiPhone/**",
					"../../../libs/openFrameworks/**",
					"../../../libs/freetype/**",
					"/Users/roikr/Developer/OpenSource/libsndfile-1.0.21/src",
				);
				INFOPLIST_FILE = "ofxiphone-Info.plist";
				LIBRARY_SEARCH_PATHS = (
					"$(inherited)",
					"\"$(SRCROOT)/../../../libs/freetype/lib\"",
					"\"$(SRCROOT)/../../../libs/freeimage/lib\"",
					"\"$(SRCROOT)/../../../libs/gluIphone\"",
					"\"$(SRCROOT)/../../../libs/FreeImage/lib/iphone\"",
					"\"$(SRCROOT)/../../../libs/FreeImage/lib/linux\"",
					"\"$(SRCROOT)/../../../libs/FreeImage/lib/linux64\"",
					"\"$(SRCROOT)/../../../libs/FreeImage/lib/osx\"",
					"\"$(SRCROOT)/../../../libs/FreeImage/lib/vs2008\"",
					"\"$(SRCROOT)/../../../libs/FreeImage/lib/win_cb\"",
					"\"$(SRCROOT)/../../../libs/freetype/lib/iphone\"",
					"\"$(SRCROOT)/../../../libs/freetype/lib/linux\"",
					"\"$(SRCROOT)/../../../libs/freetype/lib/linux64\"",
					"\"$(SRCROOT)/../../../libs/freetype/lib/osx\"",
					"\"$(SRCROOT)/../../../libs/freetype/lib/vs2008\"",
					"\"$(SRCROOT)/../../../libs/freetype/lib/win_cb\"",
					"\"$(SRCROOT)/../../../libs/glu/lib/iphone\"",
					"\"$(SRCROOT)/../../../libs/glu/lib/vs2008\"",
					"\"$(SRCROOT)/../../../libs/glu/lib/win_cb\"",
					"\"$(DEVELOPER_DIR)/openFrameworks/libs/poco/lib/armv6\"",
					"\"$(DEVELOPER_DIR)/openFrameworks/libs/poco/lib/linux\"",
					"\"$(DEVELOPER_DIR)/openFrameworks/libs/poco/lib/linux64\"",
					"\"$(DEVELOPER_DIR)/openFrameworks/libs/poco/lib/osx\"",
					"\"$(DEVELOPER_DIR)/openFrameworks/libs/poco/lib/vs2008\"",
					"\"$(DEVELOPER_DIR)/openFrameworks/libs/poco/lib/win_cb\"",
					"/Users/roikr/Developer/OpenSource/libsndfile-1.0.21/Xcode/build/Debug-iphoneos",
					"\"$(SRCROOT)/../../../libs/poco/lib/iphone\"",
					"\"$(SRCROOT)/../../../libs/poco/lib/osx\"",
				);
				OTHER_LDFLAGS = (
					"-ObjC",
					"-w",
				);
				PRODUCT_NAME = "${TARGET_NAME}";
				"PROVISIONING_PROFILE[sdk=iphoneos*]" = "09506734-48DB-4056-813C-4386BC164AB6";
				SDKROOT = iphoneos;
			};
			name = Release;
		};
		BBD1C20A0F391092007FCFB3 /* Distribution */ = {
			isa = XCBuildConfiguration;
			buildSettings = {
				ARCHS = "$(ARCHS_STANDARD_32_BIT)";
				"CODE_SIGN_IDENTITY[sdk=iphoneos*]" = "iPhone Developer";
				COMPRESS_PNG_FILES = NO;
				GCC_C_LANGUAGE_STANDARD = c99;
				GCC_WARN_ABOUT_RETURN_TYPE = YES;
				GCC_WARN_UNUSED_VARIABLE = YES;
				PREBINDING = NO;
				"PROVISIONING_PROFILE[sdk=iphoneos*]" = "";
				SDKROOT = iphoneos;
			};
			name = Distribution;
		};
		BBD1C20B0F391092007FCFB3 /* Distribution */ = {
			isa = XCBuildConfiguration;
			buildSettings = {
				ALWAYS_SEARCH_USER_PATHS = NO;
				"CODE_SIGN_IDENTITY[sdk=iphoneos*]" = "iPhone Developer: Roee Kremer (S8LHA25A98)";
				COPY_PHASE_STRIP = YES;
				FRAMEWORK_SEARCH_PATHS = (
					"$(inherited)",
					"\"$(SRCROOT)/../audioVideoGrabber/iphoneos4.1/System/Library/Frameworks\"",
				);
				GCC_PRECOMPILE_PREFIX_HEADER = YES;
				GCC_PREFIX_HEADER = iPhone_Prefix.pch;
				GCC_THUMB_SUPPORT = NO;
				HEADER_SEARCH_PATHS = (
					../../../libs/poco/include,
					"../../../addons/ofxAccelerometer/**",
					"../../../addons/ofxMultitouch/**",
					"../../../addons/ofxiPhone/**",
					"../../../libs/openFrameworks/**",
					"../../../libs/freetype/**",
					"/Users/roikr/Developer/OpenSource/libsndfile-1.0.21/src",
				);
				INFOPLIST_FILE = "ofxiphone-Info.plist";
				LIBRARY_SEARCH_PATHS = (
					"$(inherited)",
					"\"$(SRCROOT)/../../../libs/freetype/lib\"",
					"\"$(SRCROOT)/../../../libs/freeimage/lib\"",
					"\"$(SRCROOT)/../../../libs/gluIphone\"",
					"\"$(SRCROOT)/../../../libs/FreeImage/lib/iphone\"",
					"\"$(SRCROOT)/../../../libs/FreeImage/lib/linux\"",
					"\"$(SRCROOT)/../../../libs/FreeImage/lib/linux64\"",
					"\"$(SRCROOT)/../../../libs/FreeImage/lib/osx\"",
					"\"$(SRCROOT)/../../../libs/FreeImage/lib/vs2008\"",
					"\"$(SRCROOT)/../../../libs/FreeImage/lib/win_cb\"",
					"\"$(SRCROOT)/../../../libs/freetype/lib/iphone\"",
					"\"$(SRCROOT)/../../../libs/freetype/lib/linux\"",
					"\"$(SRCROOT)/../../../libs/freetype/lib/linux64\"",
					"\"$(SRCROOT)/../../../libs/freetype/lib/osx\"",
					"\"$(SRCROOT)/../../../libs/freetype/lib/vs2008\"",
					"\"$(SRCROOT)/../../../libs/freetype/lib/win_cb\"",
					"\"$(SRCROOT)/../../../libs/glu/lib/iphone\"",
					"\"$(SRCROOT)/../../../libs/glu/lib/vs2008\"",
					"\"$(SRCROOT)/../../../libs/glu/lib/win_cb\"",
					"\"$(DEVELOPER_DIR)/openFrameworks/libs/poco/lib/armv6\"",
					"\"$(DEVELOPER_DIR)/openFrameworks/libs/poco/lib/linux\"",
					"\"$(DEVELOPER_DIR)/openFrameworks/libs/poco/lib/linux64\"",
					"\"$(DEVELOPER_DIR)/openFrameworks/libs/poco/lib/osx\"",
					"\"$(DEVELOPER_DIR)/openFrameworks/libs/poco/lib/vs2008\"",
					"\"$(DEVELOPER_DIR)/openFrameworks/libs/poco/lib/win_cb\"",
					"/Users/roikr/Developer/OpenSource/libsndfile-1.0.21/Xcode/build/Debug-iphoneos",
					"\"$(SRCROOT)/../../../libs/poco/lib/iphone\"",
					"\"$(SRCROOT)/../../../libs/poco/lib/osx\"",
				);
				OTHER_LDFLAGS = "-ObjC";
				PRODUCT_NAME = "${TARGET_NAME}";
				"PROVISIONING_PROFILE[sdk=iphoneos*]" = "325CF5E2-1D8D-40CF-A295-982D0BD65130";
				SDKROOT = iphoneos;
			};
			name = Distribution;
		};
		C01FCF4F08A954540054247B /* Debug */ = {
			isa = XCBuildConfiguration;
			buildSettings = {
				ARCHS = "$(ARCHS_STANDARD_32_BIT)";
				"CODE_SIGN_IDENTITY[sdk=iphoneos*]" = "iPhone Developer";
				COMPRESS_PNG_FILES = NO;
				GCC_C_LANGUAGE_STANDARD = c99;
				GCC_WARN_ABOUT_DEPRECATED_FUNCTIONS = NO;
				GCC_WARN_ABOUT_INVALID_OFFSETOF_MACRO = NO;
				GCC_WARN_ABOUT_POINTER_SIGNEDNESS = NO;
				GCC_WARN_ABOUT_RETURN_TYPE = YES;
				GCC_WARN_ALLOW_INCOMPLETE_PROTOCOL = NO;
				GCC_WARN_PROTOTYPE_CONVERSION = NO;
				GCC_WARN_UNUSED_VARIABLE = YES;
				ONLY_ACTIVE_ARCH = YES;
				OTHER_LDFLAGS = "-ObjC";
				PREBINDING = NO;
				"PROVISIONING_PROFILE[sdk=iphoneos*]" = "";
				SDKROOT = iphoneos;
				WARNING_LDFLAGS = "";
			};
			name = Debug;
		};
		C01FCF5008A954540054247B /* Release */ = {
			isa = XCBuildConfiguration;
			buildSettings = {
				ARCHS = "$(ARCHS_STANDARD_32_BIT)";
				"CODE_SIGN_IDENTITY[sdk=iphoneos*]" = "iPhone Developer";
				COMPRESS_PNG_FILES = NO;
				GCC_C_LANGUAGE_STANDARD = c99;
				GCC_WARN_ABOUT_RETURN_TYPE = YES;
				GCC_WARN_UNUSED_VARIABLE = YES;
				PREBINDING = NO;
				"PROVISIONING_PROFILE[sdk=iphoneos*]" = "";
				SDKROOT = iphoneos;
			};
			name = Release;
		};
/* End XCBuildConfiguration section */

/* Begin XCConfigurationList section */
		1D6058960D05DD3E006BFB54 /* Build configuration list for PBXNativeTarget "SantaExample" */ = {
			isa = XCConfigurationList;
			buildConfigurations = (
				1D6058940D05DD3E006BFB54 /* Debug */,
				1D6058950D05DD3E006BFB54 /* Release */,
				BBD1C20B0F391092007FCFB3 /* Distribution */,
			);
			defaultConfigurationIsVisible = 0;
			defaultConfigurationName = Release;
		};
		C01FCF4E08A954540054247B /* Build configuration list for PBXProject "iPhoneSantaExample" */ = {
			isa = XCConfigurationList;
			buildConfigurations = (
				C01FCF4F08A954540054247B /* Debug */,
				C01FCF5008A954540054247B /* Release */,
				BBD1C20A0F391092007FCFB3 /* Distribution */,
			);
			defaultConfigurationIsVisible = 0;
			defaultConfigurationName = Release;
		};
/* End XCConfigurationList section */
	};
	rootObject = 29B97313FDCFA39411CA2CEA /* Project object */;
}
