// !$*UTF8*$!
{
	archiveVersion = 1;
	classes = {
	};
	objectVersion = 46;
	objects = {

/* Begin PBXBuildFile section */
		E43FEA46155FB73700CB28F7 /* UIKit.framework in Frameworks */ = {isa = PBXBuildFile; fileRef = E43FEA45155FB73700CB28F7 /* UIKit.framework */; };
		E43FEA48155FB73700CB28F7 /* Foundation.framework in Frameworks */ = {isa = PBXBuildFile; fileRef = E43FEA47155FB73700CB28F7 /* Foundation.framework */; };
		E43FEA4A155FB73700CB28F7 /* CoreGraphics.framework in Frameworks */ = {isa = PBXBuildFile; fileRef = E43FEA49155FB73700CB28F7 /* CoreGraphics.framework */; };
		E43FEA4C155FB73700CB28F7 /* GLKit.framework in Frameworks */ = {isa = PBXBuildFile; fileRef = E43FEA4B155FB73700CB28F7 /* GLKit.framework */; };
		E43FEA4E155FB73700CB28F7 /* OpenGLES.framework in Frameworks */ = {isa = PBXBuildFile; fileRef = E43FEA4D155FB73700CB28F7 /* OpenGLES.framework */; };
		E43FEA54155FB73700CB28F7 /* InfoPlist.strings in Resources */ = {isa = PBXBuildFile; fileRef = E43FEA52155FB73700CB28F7 /* InfoPlist.strings */; };
		E43FEA56155FB73700CB28F7 /* main.m in Sources */ = {isa = PBXBuildFile; fileRef = E43FEA55155FB73700CB28F7 /* main.m */; };
		E43FEA5A155FB73700CB28F7 /* AppDelegate.m in Sources */ = {isa = PBXBuildFile; fileRef = E43FEA59155FB73700CB28F7 /* AppDelegate.m */; };
		E43FEA5C155FB73700CB28F7 /* Shader.fsh in Resources */ = {isa = PBXBuildFile; fileRef = E43FEA5B155FB73700CB28F7 /* Shader.fsh */; };
		E43FEA5E155FB73800CB28F7 /* Shader.vsh in Resources */ = {isa = PBXBuildFile; fileRef = E43FEA5D155FB73800CB28F7 /* Shader.vsh */; };
		E43FEA61155FB73800CB28F7 /* ViewController.m in Sources */ = {isa = PBXBuildFile; fileRef = E43FEA60155FB73800CB28F7 /* ViewController.m */; };
		E43FEA64155FB73800CB28F7 /* ViewController_iPhone.xib in Resources */ = {isa = PBXBuildFile; fileRef = E43FEA62155FB73800CB28F7 /* ViewController_iPhone.xib */; };
		E43FEA67155FB73800CB28F7 /* ViewController_iPad.xib in Resources */ = {isa = PBXBuildFile; fileRef = E43FEA65155FB73800CB28F7 /* ViewController_iPad.xib */; };
/* End PBXBuildFile section */

/* Begin PBXFileReference section */
		E43FEA41155FB73700CB28F7 /* emptyExample.app */ = {isa = PBXFileReference; explicitFileType = wrapper.application; includeInIndex = 0; path = emptyExample.app; sourceTree = BUILT_PRODUCTS_DIR; };
		E43FEA45155FB73700CB28F7 /* UIKit.framework */ = {isa = PBXFileReference; lastKnownFileType = wrapper.framework; name = UIKit.framework; path = System/Library/Frameworks/UIKit.framework; sourceTree = SDKROOT; };
		E43FEA47155FB73700CB28F7 /* Foundation.framework */ = {isa = PBXFileReference; lastKnownFileType = wrapper.framework; name = Foundation.framework; path = System/Library/Frameworks/Foundation.framework; sourceTree = SDKROOT; };
		E43FEA49155FB73700CB28F7 /* CoreGraphics.framework */ = {isa = PBXFileReference; lastKnownFileType = wrapper.framework; name = CoreGraphics.framework; path = System/Library/Frameworks/CoreGraphics.framework; sourceTree = SDKROOT; };
		E43FEA4B155FB73700CB28F7 /* GLKit.framework */ = {isa = PBXFileReference; lastKnownFileType = wrapper.framework; name = GLKit.framework; path = System/Library/Frameworks/GLKit.framework; sourceTree = SDKROOT; };
		E43FEA4D155FB73700CB28F7 /* OpenGLES.framework */ = {isa = PBXFileReference; lastKnownFileType = wrapper.framework; name = OpenGLES.framework; path = System/Library/Frameworks/OpenGLES.framework; sourceTree = SDKROOT; };
		E43FEA51155FB73700CB28F7 /* emptyExample-Info.plist */ = {isa = PBXFileReference; path = "emptyExample-Info.plist"; sourceTree = "<group>"; };
		E43FEA53155FB73700CB28F7 /* en */ = {isa = PBXFileReference; lastKnownFileType = text.plist.strings; name = en; path = en.lproj/InfoPlist.strings; sourceTree = "<group>"; };
		E43FEA55155FB73700CB28F7 /* main.m */ = {isa = PBXFileReference; lastKnownFileType = sourcecode.c.objc; path = main.m; sourceTree = "<group>"; };
		E43FEA57155FB73700CB28F7 /* emptyExample-Prefix.pch */ = {isa = PBXFileReference; path = "emptyExample-Prefix.pch"; sourceTree = "<group>"; };
		E43FEA58155FB73700CB28F7 /* AppDelegate.h */ = {isa = PBXFileReference; path = AppDelegate.h; sourceTree = "<group>"; };
		E43FEA59155FB73700CB28F7 /* AppDelegate.m */ = {isa = PBXFileReference; lastKnownFileType = sourcecode.c.objc; path = AppDelegate.m; sourceTree = "<group>"; };
		E43FEA5B155FB73700CB28F7 /* Shader.fsh */ = {isa = PBXFileReference; lastKnownFileType = sourcecode.glsl; name = Shader.fsh; path = Shaders/Shader.fsh; sourceTree = "<group>"; };
		E43FEA5D155FB73800CB28F7 /* Shader.vsh */ = {isa = PBXFileReference; lastKnownFileType = sourcecode.glsl; name = Shader.vsh; path = Shaders/Shader.vsh; sourceTree = "<group>"; };
		E43FEA5F155FB73800CB28F7 /* ViewController.h */ = {isa = PBXFileReference; path = ViewController.h; sourceTree = "<group>"; };
		E43FEA60155FB73800CB28F7 /* ViewController.m */ = {isa = PBXFileReference; lastKnownFileType = sourcecode.c.objc; path = ViewController.m; sourceTree = "<group>"; };
		E43FEA63155FB73800CB28F7 /* en */ = {isa = PBXFileReference; lastKnownFileType = file.xib; name = en; path = en.lproj/ViewController_iPhone.xib; sourceTree = "<group>"; };
		E43FEA66155FB73800CB28F7 /* en */ = {isa = PBXFileReference; lastKnownFileType = file.xib; name = en; path = en.lproj/ViewController_iPad.xib; sourceTree = "<group>"; };
/* End PBXFileReference section */

/* Begin PBXFrameworksBuildPhase section */
		E43FEA3E155FB73700CB28F7 /* Frameworks */ = {
			isa = PBXFrameworksBuildPhase;
			buildActionMask = 2147483647;
			files = (
				E43FEA46155FB73700CB28F7 /* UIKit.framework in Frameworks */,
				E43FEA48155FB73700CB28F7 /* Foundation.framework in Frameworks */,
				E43FEA4A155FB73700CB28F7 /* CoreGraphics.framework in Frameworks */,
				E43FEA4C155FB73700CB28F7 /* GLKit.framework in Frameworks */,
				E43FEA4E155FB73700CB28F7 /* OpenGLES.framework in Frameworks */,
			);
			runOnlyForDeploymentPostprocessing = 0;
		};
/* End PBXFrameworksBuildPhase section */

/* Begin PBXGroup section */
		E43FEA36155FB73700CB28F7 = {
			isa = PBXGroup;
			children = (
				E43FEA4F155FB73700CB28F7 /* emptyExample */,
				E43FEA44155FB73700CB28F7 /* Frameworks */,
				E43FEA42155FB73700CB28F7 /* Products */,
			);
			sourceTree = "<group>";
		};
		E43FEA42155FB73700CB28F7 /* Products */ = {
			isa = PBXGroup;
			children = (
				E43FEA41155FB73700CB28F7 /* emptyExample.app */,
			);
			name = Products;
			sourceTree = "<group>";
		};
		E43FEA44155FB73700CB28F7 /* Frameworks */ = {
			isa = PBXGroup;
			children = (
				E43FEA45155FB73700CB28F7 /* UIKit.framework */,
				E43FEA47155FB73700CB28F7 /* Foundation.framework */,
				E43FEA49155FB73700CB28F7 /* CoreGraphics.framework */,
				E43FEA4B155FB73700CB28F7 /* GLKit.framework */,
				E43FEA4D155FB73700CB28F7 /* OpenGLES.framework */,
			);
			name = Frameworks;
			sourceTree = "<group>";
		};
		E43FEA4F155FB73700CB28F7 /* emptyExample */ = {
			isa = PBXGroup;
			children = (
				E43FEA58155FB73700CB28F7 /* AppDelegate.h */,
				E43FEA59155FB73700CB28F7 /* AppDelegate.m */,
				E43FEA5B155FB73700CB28F7 /* Shader.fsh */,
				E43FEA5D155FB73800CB28F7 /* Shader.vsh */,
				E43FEA5F155FB73800CB28F7 /* ViewController.h */,
				E43FEA60155FB73800CB28F7 /* ViewController.m */,
				E43FEA62155FB73800CB28F7 /* ViewController_iPhone.xib */,
				E43FEA65155FB73800CB28F7 /* ViewController_iPad.xib */,
				E43FEA50155FB73700CB28F7 /* Supporting Files */,
			);
			path = emptyExample;
			sourceTree = "<group>";
		};
		E43FEA50155FB73700CB28F7 /* Supporting Files */ = {
			isa = PBXGroup;
			children = (
				E43FEA51155FB73700CB28F7 /* emptyExample-Info.plist */,
				E43FEA52155FB73700CB28F7 /* InfoPlist.strings */,
				E43FEA55155FB73700CB28F7 /* main.m */,
				E43FEA57155FB73700CB28F7 /* emptyExample-Prefix.pch */,
			);
			name = "Supporting Files";
			sourceTree = "<group>";
		};
/* End PBXGroup section */

/* Begin PBXNativeTarget section */
		E43FEA40155FB73700CB28F7 /* emptyExample */ = {
			isa = PBXNativeTarget;
			buildConfigurationList = E43FEA6A155FB73800CB28F7 /* Build configuration list for PBXNativeTarget "emptyExample" */;
			buildPhases = (
				E43FEA3D155FB73700CB28F7 /* Sources */,
				E43FEA3E155FB73700CB28F7 /* Frameworks */,
				E43FEA3F155FB73700CB28F7 /* Resources */,
			);
			buildRules = (
			);
			dependencies = (
			);
			name = emptyExample;
			productName = emptyExample;
			productReference = E43FEA41155FB73700CB28F7 /* emptyExample.app */;
			productType = "com.apple.product-type.application";
		};
/* End PBXNativeTarget section */

/* Begin PBXProject section */
		E43FEA38155FB73700CB28F7 /* Project object */ = {
			isa = PBXProject;
			attributes = {
				LastUpgradeCheck = 0430;
			};
			buildConfigurationList = E43FEA3B155FB73700CB28F7 /* Build configuration list for PBXProject "emptyExample" */;
			compatibilityVersion = "Xcode 3.2";
			developmentRegion = English;
			hasScannedForEncodings = 0;
			knownRegions = (
				en,
			);
			mainGroup = E43FEA36155FB73700CB28F7;
			productRefGroup = E43FEA42155FB73700CB28F7 /* Products */;
			projectDirPath = "";
			projectRoot = "";
			targets = (
				E43FEA40155FB73700CB28F7 /* emptyExample */,
			);
		};
/* End PBXProject section */

/* Begin PBXResourcesBuildPhase section */
		E43FEA3F155FB73700CB28F7 /* Resources */ = {
			isa = PBXResourcesBuildPhase;
			buildActionMask = 2147483647;
			files = (
				E43FEA54155FB73700CB28F7 /* InfoPlist.strings in Resources */,
				E43FEA5C155FB73700CB28F7 /* Shader.fsh in Resources */,
				E43FEA5E155FB73800CB28F7 /* Shader.vsh in Resources */,
				E43FEA64155FB73800CB28F7 /* ViewController_iPhone.xib in Resources */,
				E43FEA67155FB73800CB28F7 /* ViewController_iPad.xib in Resources */,
			);
			runOnlyForDeploymentPostprocessing = 0;
		};
/* End PBXResourcesBuildPhase section */

/* Begin PBXSourcesBuildPhase section */
		E43FEA3D155FB73700CB28F7 /* Sources */ = {
			isa = PBXSourcesBuildPhase;
			buildActionMask = 2147483647;
			files = (
				E43FEA56155FB73700CB28F7 /* main.m in Sources */,
				E43FEA5A155FB73700CB28F7 /* AppDelegate.m in Sources */,
				E43FEA61155FB73800CB28F7 /* ViewController.m in Sources */,
			);
			runOnlyForDeploymentPostprocessing = 0;
		};
/* End PBXSourcesBuildPhase section */

/* Begin PBXVariantGroup section */
		E43FEA52155FB73700CB28F7 /* InfoPlist.strings */ = {
			isa = PBXVariantGroup;
			children = (
				E43FEA53155FB73700CB28F7 /* en */,
			);
			name = InfoPlist.strings;
			sourceTree = "<group>";
		};
		E43FEA62155FB73800CB28F7 /* ViewController_iPhone.xib */ = {
			isa = PBXVariantGroup;
			children = (
				E43FEA63155FB73800CB28F7 /* en */,
			);
			name = ViewController_iPhone.xib;
			sourceTree = "<group>";
		};
		E43FEA65155FB73800CB28F7 /* ViewController_iPad.xib */ = {
			isa = PBXVariantGroup;
			children = (
				E43FEA66155FB73800CB28F7 /* en */,
			);
			name = ViewController_iPad.xib;
			sourceTree = "<group>";
		};
/* End PBXVariantGroup section */

/* Begin XCBuildConfiguration section */
		E43FEA68155FB73800CB28F7 /* Debug */ = {
			isa = XCBuildConfiguration;
			buildSettings = {
				ALWAYS_SEARCH_USER_PATHS = NO;
				ARCHS = "$(ARCHS_STANDARD_32_BIT)";
				"CODE_SIGN_IDENTITY[sdk=iphoneos*]" = "iPhone Developer";
				COPY_PHASE_STRIP = NO;
				GCC_C_LANGUAGE_STANDARD = gnu99;
				GCC_DYNAMIC_NO_PIC = NO;
				GCC_OPTIMIZATION_LEVEL = 0;
				GCC_PREPROCESSOR_DEFINITIONS = (
					"DEBUG=1",
					"$(inherited)",
				);
				GCC_SYMBOLS_PRIVATE_EXTERN = NO;
				GCC_VERSION = com.apple.compilers.llvm.clang.1_0;
				GCC_WARN_ABOUT_RETURN_TYPE = YES;
				GCC_WARN_UNINITIALIZED_AUTOS = YES;
				GCC_WARN_UNUSED_VARIABLE = YES;
				IPHONEOS_DEPLOYMENT_TARGET = 5.1;
				SDKROOT = iphoneos;
				TARGETED_DEVICE_FAMILY = "1,2";
			};
			name = Debug;
		};
		E43FEA69155FB73800CB28F7 /* Release */ = {
			isa = XCBuildConfiguration;
			buildSettings = {
				ALWAYS_SEARCH_USER_PATHS = NO;
				ARCHS = "$(ARCHS_STANDARD_32_BIT)";
				"CODE_SIGN_IDENTITY[sdk=iphoneos*]" = "iPhone Developer";
				COPY_PHASE_STRIP = YES;
				GCC_C_LANGUAGE_STANDARD = gnu99;
				GCC_VERSION = com.apple.compilers.llvm.clang.1_0;
				GCC_WARN_ABOUT_RETURN_TYPE = YES;
				GCC_WARN_UNINITIALIZED_AUTOS = YES;
				GCC_WARN_UNUSED_VARIABLE = YES;
				IPHONEOS_DEPLOYMENT_TARGET = 5.1;
				OTHER_CFLAGS = "-DNS_BLOCK_ASSERTIONS=1";
				SDKROOT = iphoneos;
				TARGETED_DEVICE_FAMILY = "1,2";
				VALIDATE_PRODUCT = YES;
			};
			name = Release;
		};
		E43FEA6B155FB73800CB28F7 /* Debug */ = {
			isa = XCBuildConfiguration;
			buildSettings = {
				GCC_PRECOMPILE_PREFIX_HEADER = YES;
				GCC_PREFIX_HEADER = "emptyExample/emptyExample-Prefix.pch";
				"GCC_THUMB_SUPPORT[arch=armv6]" = "";
				INFOPLIST_FILE = "emptyExample/emptyExample-Info.plist";
				PRODUCT_NAME = "$(TARGET_NAME)";
				WRAPPER_EXTENSION = app;
			};
			name = Debug;
		};
		E43FEA6C155FB73800CB28F7 /* Release */ = {
			isa = XCBuildConfiguration;
			buildSettings = {
				GCC_PRECOMPILE_PREFIX_HEADER = YES;
				GCC_PREFIX_HEADER = "emptyExample/emptyExample-Prefix.pch";
				"GCC_THUMB_SUPPORT[arch=armv6]" = "";
				INFOPLIST_FILE = "emptyExample/emptyExample-Info.plist";
				PRODUCT_NAME = "$(TARGET_NAME)";
				WRAPPER_EXTENSION = app;
			};
			name = Release;
		};
/* End XCBuildConfiguration section */

/* Begin XCConfigurationList section */
		E43FEA3B155FB73700CB28F7 /* Build configuration list for PBXProject "emptyExample" */ = {
			isa = XCConfigurationList;
			buildConfigurations = (
				E43FEA68155FB73800CB28F7 /* Debug */,
				E43FEA69155FB73800CB28F7 /* Release */,
			);
			defaultConfigurationIsVisible = 0;
			defaultConfigurationName = Release;
		};
		E43FEA6A155FB73800CB28F7 /* Build configuration list for PBXNativeTarget "emptyExample" */ = {
			isa = XCConfigurationList;
			buildConfigurations = (
				E43FEA6B155FB73800CB28F7 /* Debug */,
				E43FEA6C155FB73800CB28F7 /* Release */,
			);
			defaultConfigurationIsVisible = 0;
		};
/* End XCConfigurationList section */
	};
	rootObject = E43FEA38155FB73700CB28F7 /* Project object */;
}
