// !$*UTF8*$!
{
	archiveVersion = 1;
	classes = {
	};
	objectVersion = 46;
	objects = {

/* Begin PBXBuildFile section */
		1D60589F0D05DD5A006BFB54 /* Foundation.framework in Frameworks */ = {isa = PBXBuildFile; fileRef = 1D30AB110D05D00D00671497 /* Foundation.framework */; };
		1DF5F4E00D08C38300B7A737 /* UIKit.framework in Frameworks */ = {isa = PBXBuildFile; fileRef = 1DF5F4DF0D08C38300B7A737 /* UIKit.framework */; };
		288765FD0DF74451002DB57D /* CoreGraphics.framework in Frameworks */ = {isa = PBXBuildFile; fileRef = 288765FC0DF74451002DB57D /* CoreGraphics.framework */; };
		5326AEA810A23A0500278DE6 /* CoreLocation.framework in Frameworks */ = {isa = PBXBuildFile; fileRef = 5326AEA710A23A0500278DE6 /* CoreLocation.framework */; };
		53F323EB10A20EDB00E0DAE4 /* OpenAL.framework in Frameworks */ = {isa = PBXBuildFile; fileRef = 53F323EA10A20EDB00E0DAE4 /* OpenAL.framework */; };
		BB16EBD20F2B2A9500518274 /* OpenGLES.framework in Frameworks */ = {isa = PBXBuildFile; fileRef = BB16EBD10F2B2A9500518274 /* OpenGLES.framework */; };
		BB16EBD90F2B2AB500518274 /* QuartzCore.framework in Frameworks */ = {isa = PBXBuildFile; fileRef = BB16EBD80F2B2AB500518274 /* QuartzCore.framework */; };
		BBE5EAB80F49AD8400F28951 /* AudioToolbox.framework in Frameworks */ = {isa = PBXBuildFile; fileRef = BBE5EAB70F49AD8400F28951 /* AudioToolbox.framework */; };
		E402A9A416428DB800C10889 /* ofxiOffScreen.mm in Sources */ = {isa = PBXBuildFile; fileRef = E402A9A316428DB800C10889 /* ofxiOffScreen.mm */; };
		E403782B15E1600200789BC6 /* ofxiMail.mm in Sources */ = {isa = PBXBuildFile; fileRef = E403782A15E1600200789BC6 /* ofxiMail.mm */; };
		E403784B15E170A800789BC6 /* MessageUI.framework in Frameworks */ = {isa = PBXBuildFile; fileRef = E403784A15E170A800789BC6 /* MessageUI.framework */; };
		E409645215E36AE600A30BF8 /* README.md in Resources */ = {isa = PBXBuildFile; fileRef = E409644E15E36AE600A30BF8 /* README.md */; };
		E409645315E36AE600A30BF8 /* Settings.mm in Sources */ = {isa = PBXBuildFile; fileRef = E409645115E36AE600A30BF8 /* Settings.mm */; };
		E409645515E36B6200A30BF8 /* Settings.bundle in Resources */ = {isa = PBXBuildFile; fileRef = E409645415E36B6200A30BF8 /* Settings.bundle */; };
		E40ED8AD15D15E6300556B9C /* install.xml in Resources */ = {isa = PBXBuildFile; fileRef = E40ED88A15D15E6300556B9C /* install.xml */; };
		E40ED8B015D15E6300556B9C /* ofxOscBundle.cpp in Sources */ = {isa = PBXBuildFile; fileRef = E40ED8A515D15E6300556B9C /* ofxOscBundle.cpp */; };
		E40ED8B115D15E6300556B9C /* ofxOscMessage.cpp in Sources */ = {isa = PBXBuildFile; fileRef = E40ED8A715D15E6300556B9C /* ofxOscMessage.cpp */; };
		E40ED8B215D15E6300556B9C /* ofxOscReceiver.cpp in Sources */ = {isa = PBXBuildFile; fileRef = E40ED8A915D15E6300556B9C /* ofxOscReceiver.cpp */; };
		E40ED8B315D15E6300556B9C /* ofxOscSender.cpp in Sources */ = {isa = PBXBuildFile; fileRef = E40ED8AB15D15E6300556B9C /* ofxOscSender.cpp */; };
		E41D400B13B39D2100A75A5D /* AVFoundation.framework in Frameworks */ = {isa = PBXBuildFile; fileRef = E41D400613B39D2100A75A5D /* AVFoundation.framework */; };
		E41D400C13B39D2100A75A5D /* CoreMedia.framework in Frameworks */ = {isa = PBXBuildFile; fileRef = E41D400713B39D2100A75A5D /* CoreMedia.framework */; };
		E41D400D13B39D2100A75A5D /* CoreVideo.framework in Frameworks */ = {isa = PBXBuildFile; fileRef = E41D400813B39D2100A75A5D /* CoreVideo.framework */; };
		E41D400E13B39D2100A75A5D /* MapKit.framework in Frameworks */ = {isa = PBXBuildFile; fileRef = E41D400913B39D2100A75A5D /* MapKit.framework */; };
		E42827DC163DC71C00FA8CB8 /* Accounts.framework in Frameworks */ = {isa = PBXBuildFile; fileRef = E42827DB163DC71C00FA8CB8 /* Accounts.framework */; settings = {ATTRIBUTES = (Weak, ); }; };
		E42827E0163DC7A900FA8CB8 /* AdSupport.framework in Frameworks */ = {isa = PBXBuildFile; fileRef = E42827DF163DC7A900FA8CB8 /* AdSupport.framework */; settings = {ATTRIBUTES = (Weak, ); }; };
		E42827E6163DC9BD00FA8CB8 /* Social.framework in Frameworks */ = {isa = PBXBuildFile; fileRef = E42827E5163DC9BD00FA8CB8 /* Social.framework */; settings = {ATTRIBUTES = (Weak, ); }; };
		E43A82CA1641A1B8002A54B0 /* FacebookSDK.framework in Frameworks */ = {isa = PBXBuildFile; fileRef = E43A82C91641A1B8002A54B0 /* FacebookSDK.framework */; };
		E43A82CC1641A1C8002A54B0 /* FBUserSettingsViewResources.bundle in Resources */ = {isa = PBXBuildFile; fileRef = E43A82CB1641A1C8002A54B0 /* FBUserSettingsViewResources.bundle */; };
		E44BC7D415B2D6B900CD7BBD /* ofxFlash.cpp in Sources */ = {isa = PBXBuildFile; fileRef = E44BC6E615B2D6B800CD7BBD /* ofxFlash.cpp */; };
		E44BC7E015B2D70400CD7BBD /* ofxiTexture.mm in Sources */ = {isa = PBXBuildFile; fileRef = E44BC7DF15B2D70400CD7BBD /* ofxiTexture.mm */; };
		E44BC7EB15B2D84F00CD7BBD /* install.xml in Resources */ = {isa = PBXBuildFile; fileRef = E44BC7E215B2D84F00CD7BBD /* install.xml */; };
		E44BC7EC15B2D84F00CD7BBD /* tinyxml.cpp in Sources */ = {isa = PBXBuildFile; fileRef = E44BC7E415B2D84F00CD7BBD /* tinyxml.cpp */; };
		E44BC7ED15B2D84F00CD7BBD /* tinyxmlerror.cpp in Sources */ = {isa = PBXBuildFile; fileRef = E44BC7E615B2D84F00CD7BBD /* tinyxmlerror.cpp */; };
		E44BC7EE15B2D84F00CD7BBD /* tinyxmlparser.cpp in Sources */ = {isa = PBXBuildFile; fileRef = E44BC7E715B2D84F00CD7BBD /* tinyxmlparser.cpp */; };
		E44BC7EF15B2D84F00CD7BBD /* ofxXmlSettings.cpp in Sources */ = {isa = PBXBuildFile; fileRef = E44BC7E915B2D84F00CD7BBD /* ofxXmlSettings.cpp */; };
		E44E3C8B165A3F1C00241E14 /* osc.a in Frameworks */ = {isa = PBXBuildFile; fileRef = E44E3C8A165A3F1C00241E14 /* osc.a */; };
		E450930E15EF543400FD0F4C /* FACEBOOK in Resources */ = {isa = PBXBuildFile; fileRef = E450930A15EF543400FD0F4C /* FACEBOOK */; };
		E450930F15EF543400FD0F4C /* ofxiFacebook.mm in Sources */ = {isa = PBXBuildFile; fileRef = E450930D15EF543400FD0F4C /* ofxiFacebook.mm */; };
		E468E3C515E20EF7001A0F14 /* libofxiPhone_iphoneos_Debug.a in Frameworks */ = {isa = PBXBuildFile; fileRef = E468E3C215E20E5D001A0F14 /* libofxiPhone_iphoneos_Debug.a */; };
		E46C1A311590C97C006C1C65 /* ofxScrollCollection.cpp in Sources */ = {isa = PBXBuildFile; fileRef = E46C1A301590C97C006C1C65 /* ofxScrollCollection.cpp */; };
		E4764B7B161A53A6003E6BCB /* Icon-72.png in Resources */ = {isa = PBXBuildFile; fileRef = E4764B78161A53A6003E6BCB /* Icon-72.png */; };
		E4764B7C161A53A6003E6BCB /* Icon-Small-50.png in Resources */ = {isa = PBXBuildFile; fileRef = E4764B79161A53A6003E6BCB /* Icon-Small-50.png */; };
		E4A2D782165AD07B00BE6481 /* Default-Landscape.png in Resources */ = {isa = PBXBuildFile; fileRef = E4A2D781165AD07B00BE6481 /* Default-Landscape.png */; };
		E4A39D9215DE1AE8008ACE7E /* ofxDraggable.cpp in Sources */ = {isa = PBXBuildFile; fileRef = E4A39D9015DE1AE8008ACE7E /* ofxDraggable.cpp */; };
		E4D025E0164C09C60051FC65 /* FacebookSDKResources.bundle in Resources */ = {isa = PBXBuildFile; fileRef = E4D025DF164C09C60051FC65 /* FacebookSDKResources.bundle */; };
		E4D8936E11527B74007E1F53 /* main.mm in Sources */ = {isa = PBXBuildFile; fileRef = E4D8936B11527B74007E1F53 /* main.mm */; };
		E4D8936F11527B74007E1F53 /* testApp.mm in Sources */ = {isa = PBXBuildFile; fileRef = E4D8936D11527B74007E1F53 /* testApp.mm */; };
/* End PBXBuildFile section */

/* Begin PBXContainerItemProxy section */
		E468E3C115E20E5D001A0F14 /* PBXContainerItemProxy */ = {
			isa = PBXContainerItemProxy;
			containerPortal = E468E3BA15E20E5D001A0F14 /* iOS+OFLib.xcodeproj */;
			proxyType = 2;
			remoteGlobalIDString = BB24DED610DA7A3F00E9C588;
			remoteInfo = "iPhone+OF Static Library";
		};
		E468E3C315E20EE0001A0F14 /* PBXContainerItemProxy */ = {
			isa = PBXContainerItemProxy;
			containerPortal = E468E3BA15E20E5D001A0F14 /* iOS+OFLib.xcodeproj */;
			proxyType = 1;
			remoteGlobalIDString = BB24DE5C10DA7A3F00E9C588;
			remoteInfo = "iPhone+OF Static Library";
		};
/* End PBXContainerItemProxy section */

/* Begin PBXFileReference section */
		1D30AB110D05D00D00671497 /* Foundation.framework */ = {isa = PBXFileReference; lastKnownFileType = wrapper.framework; name = Foundation.framework; path = System/Library/Frameworks/Foundation.framework; sourceTree = SDKROOT; };
		1D6058910D05DD3D006BFB54 /* beenThere.app */ = {isa = PBXFileReference; explicitFileType = wrapper.application; includeInIndex = 0; path = beenThere.app; sourceTree = BUILT_PRODUCTS_DIR; };
		1DF5F4DF0D08C38300B7A737 /* UIKit.framework */ = {isa = PBXFileReference; lastKnownFileType = wrapper.framework; name = UIKit.framework; path = System/Library/Frameworks/UIKit.framework; sourceTree = SDKROOT; };
		288765FC0DF74451002DB57D /* CoreGraphics.framework */ = {isa = PBXFileReference; lastKnownFileType = wrapper.framework; name = CoreGraphics.framework; path = System/Library/Frameworks/CoreGraphics.framework; sourceTree = SDKROOT; };
		5326AEA710A23A0500278DE6 /* CoreLocation.framework */ = {isa = PBXFileReference; lastKnownFileType = wrapper.framework; name = CoreLocation.framework; path = System/Library/Frameworks/CoreLocation.framework; sourceTree = SDKROOT; };
		53F323EA10A20EDB00E0DAE4 /* OpenAL.framework */ = {isa = PBXFileReference; lastKnownFileType = wrapper.framework; name = OpenAL.framework; path = System/Library/Frameworks/OpenAL.framework; sourceTree = SDKROOT; };
		BB16EBD10F2B2A9500518274 /* OpenGLES.framework */ = {isa = PBXFileReference; lastKnownFileType = wrapper.framework; name = OpenGLES.framework; path = System/Library/Frameworks/OpenGLES.framework; sourceTree = SDKROOT; };
		BB16EBD80F2B2AB500518274 /* QuartzCore.framework */ = {isa = PBXFileReference; lastKnownFileType = wrapper.framework; name = QuartzCore.framework; path = System/Library/Frameworks/QuartzCore.framework; sourceTree = SDKROOT; };
		BBE5EAB70F49AD8400F28951 /* AudioToolbox.framework */ = {isa = PBXFileReference; lastKnownFileType = wrapper.framework; name = AudioToolbox.framework; path = System/Library/Frameworks/AudioToolbox.framework; sourceTree = SDKROOT; };
		E402A9A216428DB800C10889 /* ofxiOffScreen.h */ = {isa = PBXFileReference; fileEncoding = 4; lastKnownFileType = sourcecode.c.h; path = ofxiOffScreen.h; sourceTree = "<group>"; };
		E402A9A316428DB800C10889 /* ofxiOffScreen.mm */ = {isa = PBXFileReference; fileEncoding = 4; lastKnownFileType = sourcecode.cpp.objcpp; path = ofxiOffScreen.mm; sourceTree = "<group>"; };
		E403782915E15FE000789BC6 /* ofxiMail.h */ = {isa = PBXFileReference; lastKnownFileType = sourcecode.c.h; path = ofxiMail.h; sourceTree = "<group>"; };
		E403782A15E1600200789BC6 /* ofxiMail.mm */ = {isa = PBXFileReference; fileEncoding = 4; lastKnownFileType = sourcecode.cpp.objcpp; path = ofxiMail.mm; sourceTree = "<group>"; };
		E403784615E16F8000789BC6 /* Project.xcconfig */ = {isa = PBXFileReference; fileEncoding = 4; lastKnownFileType = text.xcconfig; path = Project.xcconfig; sourceTree = "<group>"; };
		E403784A15E170A800789BC6 /* MessageUI.framework */ = {isa = PBXFileReference; lastKnownFileType = wrapper.framework; name = MessageUI.framework; path = System/Library/Frameworks/MessageUI.framework; sourceTree = SDKROOT; };
		E409644E15E36AE600A30BF8 /* README.md */ = {isa = PBXFileReference; fileEncoding = 4; lastKnownFileType = text; path = README.md; sourceTree = "<group>"; };
		E409645015E36AE600A30BF8 /* Settings.h */ = {isa = PBXFileReference; fileEncoding = 4; lastKnownFileType = sourcecode.c.h; path = Settings.h; sourceTree = "<group>"; };
		E409645115E36AE600A30BF8 /* Settings.mm */ = {isa = PBXFileReference; fileEncoding = 4; lastKnownFileType = sourcecode.cpp.objcpp; path = Settings.mm; sourceTree = "<group>"; };
		E409645415E36B6200A30BF8 /* Settings.bundle */ = {isa = PBXFileReference; lastKnownFileType = "wrapper.plug-in"; path = Settings.bundle; sourceTree = "<group>"; };
		E409645F15E389DB00A30BF8 /* iPhone_Prefix.pch */ = {isa = PBXFileReference; fileEncoding = 4; lastKnownFileType = sourcecode.c.h; path = iPhone_Prefix.pch; sourceTree = "<group>"; };
		E409646015E389DB00A30BF8 /* ofxiphone-Info.plist */ = {isa = PBXFileReference; fileEncoding = 4; lastKnownFileType = text.plist.xml; path = "ofxiphone-Info.plist"; sourceTree = "<group>"; };
		E40ED88A15D15E6300556B9C /* install.xml */ = {isa = PBXFileReference; fileEncoding = 4; lastKnownFileType = text.xml; path = install.xml; sourceTree = "<group>"; };
		E40ED88F15D15E6300556B9C /* IpEndpointName.h */ = {isa = PBXFileReference; fileEncoding = 4; lastKnownFileType = sourcecode.c.h; path = IpEndpointName.h; sourceTree = "<group>"; };
		E40ED89015D15E6300556B9C /* NetworkingUtils.h */ = {isa = PBXFileReference; fileEncoding = 4; lastKnownFileType = sourcecode.c.h; path = NetworkingUtils.h; sourceTree = "<group>"; };
		E40ED89115D15E6300556B9C /* PacketListener.h */ = {isa = PBXFileReference; fileEncoding = 4; lastKnownFileType = sourcecode.c.h; path = PacketListener.h; sourceTree = "<group>"; };
		E40ED89215D15E6300556B9C /* TimerListener.h */ = {isa = PBXFileReference; fileEncoding = 4; lastKnownFileType = sourcecode.c.h; path = TimerListener.h; sourceTree = "<group>"; };
		E40ED89315D15E6300556B9C /* UdpSocket.h */ = {isa = PBXFileReference; fileEncoding = 4; lastKnownFileType = sourcecode.c.h; path = UdpSocket.h; sourceTree = "<group>"; };
		E40ED89515D15E6300556B9C /* MessageMappingOscPacketListener.h */ = {isa = PBXFileReference; fileEncoding = 4; lastKnownFileType = sourcecode.c.h; path = MessageMappingOscPacketListener.h; sourceTree = "<group>"; };
		E40ED89615D15E6300556B9C /* OscException.h */ = {isa = PBXFileReference; fileEncoding = 4; lastKnownFileType = sourcecode.c.h; path = OscException.h; sourceTree = "<group>"; };
		E40ED89715D15E6300556B9C /* OscHostEndianness.h */ = {isa = PBXFileReference; fileEncoding = 4; lastKnownFileType = sourcecode.c.h; path = OscHostEndianness.h; sourceTree = "<group>"; };
		E40ED89815D15E6300556B9C /* OscOutboundPacketStream.h */ = {isa = PBXFileReference; fileEncoding = 4; lastKnownFileType = sourcecode.c.h; path = OscOutboundPacketStream.h; sourceTree = "<group>"; };
		E40ED89915D15E6300556B9C /* OscPacketListener.h */ = {isa = PBXFileReference; fileEncoding = 4; lastKnownFileType = sourcecode.c.h; path = OscPacketListener.h; sourceTree = "<group>"; };
		E40ED89A15D15E6300556B9C /* OscPrintReceivedElements.h */ = {isa = PBXFileReference; fileEncoding = 4; lastKnownFileType = sourcecode.c.h; path = OscPrintReceivedElements.h; sourceTree = "<group>"; };
		E40ED89B15D15E6300556B9C /* OscReceivedElements.h */ = {isa = PBXFileReference; fileEncoding = 4; lastKnownFileType = sourcecode.c.h; path = OscReceivedElements.h; sourceTree = "<group>"; };
		E40ED89C15D15E6300556B9C /* OscTypes.h */ = {isa = PBXFileReference; fileEncoding = 4; lastKnownFileType = sourcecode.c.h; path = OscTypes.h; sourceTree = "<group>"; };
		E40ED8A315D15E6300556B9C /* ofxOsc.h */ = {isa = PBXFileReference; fileEncoding = 4; lastKnownFileType = sourcecode.c.h; path = ofxOsc.h; sourceTree = "<group>"; };
		E40ED8A415D15E6300556B9C /* ofxOscArg.h */ = {isa = PBXFileReference; fileEncoding = 4; lastKnownFileType = sourcecode.c.h; path = ofxOscArg.h; sourceTree = "<group>"; };
		E40ED8A515D15E6300556B9C /* ofxOscBundle.cpp */ = {isa = PBXFileReference; fileEncoding = 4; lastKnownFileType = sourcecode.cpp.cpp; path = ofxOscBundle.cpp; sourceTree = "<group>"; };
		E40ED8A615D15E6300556B9C /* ofxOscBundle.h */ = {isa = PBXFileReference; fileEncoding = 4; lastKnownFileType = sourcecode.c.h; path = ofxOscBundle.h; sourceTree = "<group>"; };
		E40ED8A715D15E6300556B9C /* ofxOscMessage.cpp */ = {isa = PBXFileReference; fileEncoding = 4; lastKnownFileType = sourcecode.cpp.cpp; path = ofxOscMessage.cpp; sourceTree = "<group>"; };
		E40ED8A815D15E6300556B9C /* ofxOscMessage.h */ = {isa = PBXFileReference; fileEncoding = 4; lastKnownFileType = sourcecode.c.h; path = ofxOscMessage.h; sourceTree = "<group>"; };
		E40ED8A915D15E6300556B9C /* ofxOscReceiver.cpp */ = {isa = PBXFileReference; fileEncoding = 4; lastKnownFileType = sourcecode.cpp.cpp; path = ofxOscReceiver.cpp; sourceTree = "<group>"; };
		E40ED8AA15D15E6300556B9C /* ofxOscReceiver.h */ = {isa = PBXFileReference; fileEncoding = 4; lastKnownFileType = sourcecode.c.h; path = ofxOscReceiver.h; sourceTree = "<group>"; };
		E40ED8AB15D15E6300556B9C /* ofxOscSender.cpp */ = {isa = PBXFileReference; fileEncoding = 4; lastKnownFileType = sourcecode.cpp.cpp; path = ofxOscSender.cpp; sourceTree = "<group>"; };
		E40ED8AC15D15E6300556B9C /* ofxOscSender.h */ = {isa = PBXFileReference; fileEncoding = 4; lastKnownFileType = sourcecode.c.h; path = ofxOscSender.h; sourceTree = "<group>"; };
		E41D400613B39D2100A75A5D /* AVFoundation.framework */ = {isa = PBXFileReference; lastKnownFileType = wrapper.framework; name = AVFoundation.framework; path = System/Library/Frameworks/AVFoundation.framework; sourceTree = SDKROOT; };
		E41D400713B39D2100A75A5D /* CoreMedia.framework */ = {isa = PBXFileReference; lastKnownFileType = wrapper.framework; name = CoreMedia.framework; path = System/Library/Frameworks/CoreMedia.framework; sourceTree = SDKROOT; };
		E41D400813B39D2100A75A5D /* CoreVideo.framework */ = {isa = PBXFileReference; lastKnownFileType = wrapper.framework; name = CoreVideo.framework; path = System/Library/Frameworks/CoreVideo.framework; sourceTree = SDKROOT; };
		E41D400913B39D2100A75A5D /* MapKit.framework */ = {isa = PBXFileReference; lastKnownFileType = wrapper.framework; name = MapKit.framework; path = System/Library/Frameworks/MapKit.framework; sourceTree = SDKROOT; };
		E42827DB163DC71C00FA8CB8 /* Accounts.framework */ = {isa = PBXFileReference; lastKnownFileType = wrapper.framework; name = Accounts.framework; path = System/Library/Frameworks/Accounts.framework; sourceTree = SDKROOT; };
		E42827DF163DC7A900FA8CB8 /* AdSupport.framework */ = {isa = PBXFileReference; lastKnownFileType = wrapper.framework; name = AdSupport.framework; path = System/Library/Frameworks/AdSupport.framework; sourceTree = SDKROOT; };
		E42827E5163DC9BD00FA8CB8 /* Social.framework */ = {isa = PBXFileReference; lastKnownFileType = wrapper.framework; name = Social.framework; path = System/Library/Frameworks/Social.framework; sourceTree = SDKROOT; };
		E43A82C91641A1B8002A54B0 /* FacebookSDK.framework */ = {isa = PBXFileReference; lastKnownFileType = wrapper.framework; name = FacebookSDK.framework; path = ../../../../FacebookSDK/build/FacebookSDK.framework; sourceTree = "<group>"; };
		E43A82CB1641A1C8002A54B0 /* FBUserSettingsViewResources.bundle */ = {isa = PBXFileReference; lastKnownFileType = "wrapper.plug-in"; name = FBUserSettingsViewResources.bundle; path = ../../../../FacebookSDK/build/FacebookSDK.framework/Versions/A/Resources/FBUserSettingsViewResources.bundle; sourceTree = "<group>"; };
		E44BC6E615B2D6B800CD7BBD /* ofxFlash.cpp */ = {isa = PBXFileReference; fileEncoding = 4; lastKnownFileType = sourcecode.cpp.cpp; lineEnding = 0; path = ofxFlash.cpp; sourceTree = "<group>"; };
		E44BC6E715B2D6B800CD7BBD /* ofxFlash.h */ = {isa = PBXFileReference; fileEncoding = 4; lastKnownFileType = sourcecode.c.h; path = ofxFlash.h; sourceTree = "<group>"; };
		E44BC7DE15B2D70400CD7BBD /* ofxiTexture.h */ = {isa = PBXFileReference; fileEncoding = 4; lastKnownFileType = sourcecode.c.h; path = ofxiTexture.h; sourceTree = "<group>"; };
		E44BC7DF15B2D70400CD7BBD /* ofxiTexture.mm */ = {isa = PBXFileReference; fileEncoding = 4; lastKnownFileType = sourcecode.cpp.objcpp; path = ofxiTexture.mm; sourceTree = "<group>"; };
		E44BC7E215B2D84F00CD7BBD /* install.xml */ = {isa = PBXFileReference; fileEncoding = 4; lastKnownFileType = text.xml; path = install.xml; sourceTree = "<group>"; };
		E44BC7E415B2D84F00CD7BBD /* tinyxml.cpp */ = {isa = PBXFileReference; fileEncoding = 4; lastKnownFileType = sourcecode.cpp.cpp; path = tinyxml.cpp; sourceTree = "<group>"; };
		E44BC7E515B2D84F00CD7BBD /* tinyxml.h */ = {isa = PBXFileReference; fileEncoding = 4; lastKnownFileType = sourcecode.c.h; path = tinyxml.h; sourceTree = "<group>"; };
		E44BC7E615B2D84F00CD7BBD /* tinyxmlerror.cpp */ = {isa = PBXFileReference; fileEncoding = 4; lastKnownFileType = sourcecode.cpp.cpp; path = tinyxmlerror.cpp; sourceTree = "<group>"; };
		E44BC7E715B2D84F00CD7BBD /* tinyxmlparser.cpp */ = {isa = PBXFileReference; fileEncoding = 4; lastKnownFileType = sourcecode.cpp.cpp; path = tinyxmlparser.cpp; sourceTree = "<group>"; };
		E44BC7E915B2D84F00CD7BBD /* ofxXmlSettings.cpp */ = {isa = PBXFileReference; fileEncoding = 4; lastKnownFileType = sourcecode.cpp.cpp; path = ofxXmlSettings.cpp; sourceTree = "<group>"; };
		E44BC7EA15B2D84F00CD7BBD /* ofxXmlSettings.h */ = {isa = PBXFileReference; fileEncoding = 4; lastKnownFileType = sourcecode.c.h; path = ofxXmlSettings.h; sourceTree = "<group>"; };
		E44E3C8A165A3F1C00241E14 /* osc.a */ = {isa = PBXFileReference; lastKnownFileType = archive.ar; path = osc.a; sourceTree = "<group>"; };
		E450930A15EF543400FD0F4C /* FACEBOOK */ = {isa = PBXFileReference; fileEncoding = 4; lastKnownFileType = text; path = FACEBOOK; sourceTree = "<group>"; };
		E450930C15EF543400FD0F4C /* ofxiFacebook.h */ = {isa = PBXFileReference; fileEncoding = 4; lastKnownFileType = sourcecode.c.h; path = ofxiFacebook.h; sourceTree = "<group>"; };
		E450930D15EF543400FD0F4C /* ofxiFacebook.mm */ = {isa = PBXFileReference; fileEncoding = 4; lastKnownFileType = sourcecode.cpp.objcpp; path = ofxiFacebook.mm; sourceTree = "<group>"; };
		E468E3BA15E20E5D001A0F14 /* iOS+OFLib.xcodeproj */ = {isa = PBXFileReference; lastKnownFileType = "wrapper.pb-project"; name = "iOS+OFLib.xcodeproj"; path = "../../openFrameworks/libs/openFrameworksCompiled/project/ios/iOS+OFLib.xcodeproj"; sourceTree = "<group>"; };
		E46C1A2F1590C952006C1C65 /* ofxScrollCollection.h */ = {isa = PBXFileReference; lastKnownFileType = sourcecode.c.h; path = ofxScrollCollection.h; sourceTree = "<group>"; };
		E46C1A301590C97C006C1C65 /* ofxScrollCollection.cpp */ = {isa = PBXFileReference; fileEncoding = 4; lastKnownFileType = sourcecode.cpp.cpp; path = ofxScrollCollection.cpp; sourceTree = "<group>"; };
		E4764B78161A53A6003E6BCB /* Icon-72.png */ = {isa = PBXFileReference; lastKnownFileType = image.png; path = "Icon-72.png"; sourceTree = "<group>"; };
		E4764B79161A53A6003E6BCB /* Icon-Small-50.png */ = {isa = PBXFileReference; lastKnownFileType = image.png; path = "Icon-Small-50.png"; sourceTree = "<group>"; };
		E4A2D781165AD07B00BE6481 /* Default-Landscape.png */ = {isa = PBXFileReference; lastKnownFileType = image.png; path = "Default-Landscape.png"; sourceTree = "<group>"; };
		E4A39D9015DE1AE8008ACE7E /* ofxDraggable.cpp */ = {isa = PBXFileReference; fileEncoding = 4; lastKnownFileType = sourcecode.cpp.cpp; path = ofxDraggable.cpp; sourceTree = "<group>"; };
		E4A39D9115DE1AE8008ACE7E /* ofxDraggable.h */ = {isa = PBXFileReference; fileEncoding = 4; lastKnownFileType = sourcecode.c.h; path = ofxDraggable.h; sourceTree = "<group>"; };
		E4A823A312561BE3002F86A2 /* CoreGraphics.framework */ = {isa = PBXFileReference; lastKnownFileType = wrapper.framework; name = CoreGraphics.framework; path = System/Library/Frameworks/CoreGraphics.framework; sourceTree = SDKROOT; };
		E4D025DF164C09C60051FC65 /* FacebookSDKResources.bundle */ = {isa = PBXFileReference; lastKnownFileType = "wrapper.plug-in"; name = FacebookSDKResources.bundle; path = ../../../../FacebookSDK/build/FacebookSDK.framework/Versions/A/Resources/FacebookSDKResources.bundle; sourceTree = "<group>"; };
		E4D8936B11527B74007E1F53 /* main.mm */ = {isa = PBXFileReference; fileEncoding = 4; lastKnownFileType = sourcecode.cpp.objcpp; name = main.mm; path = src/main.mm; sourceTree = SOURCE_ROOT; };
		E4D8936C11527B74007E1F53 /* testApp.h */ = {isa = PBXFileReference; fileEncoding = 4; lastKnownFileType = sourcecode.c.h; name = testApp.h; path = src/testApp.h; sourceTree = SOURCE_ROOT; };
		E4D8936D11527B74007E1F53 /* testApp.mm */ = {isa = PBXFileReference; fileEncoding = 4; lastKnownFileType = sourcecode.cpp.objcpp; name = testApp.mm; path = src/testApp.mm; sourceTree = SOURCE_ROOT; };
/* End PBXFileReference section */

/* Begin PBXFrameworksBuildPhase section */
		1D60588F0D05DD3D006BFB54 /* Frameworks */ = {
			isa = PBXFrameworksBuildPhase;
			buildActionMask = 2147483647;
			files = (
				E42827E6163DC9BD00FA8CB8 /* Social.framework in Frameworks */,
				E42827E0163DC7A900FA8CB8 /* AdSupport.framework in Frameworks */,
				E42827DC163DC71C00FA8CB8 /* Accounts.framework in Frameworks */,
				E468E3C515E20EF7001A0F14 /* libofxiPhone_iphoneos_Debug.a in Frameworks */,
				E403784B15E170A800789BC6 /* MessageUI.framework in Frameworks */,
				1D60589F0D05DD5A006BFB54 /* Foundation.framework in Frameworks */,
				1DF5F4E00D08C38300B7A737 /* UIKit.framework in Frameworks */,
				288765FD0DF74451002DB57D /* CoreGraphics.framework in Frameworks */,
				BB16EBD20F2B2A9500518274 /* OpenGLES.framework in Frameworks */,
				BB16EBD90F2B2AB500518274 /* QuartzCore.framework in Frameworks */,
				BBE5EAB80F49AD8400F28951 /* AudioToolbox.framework in Frameworks */,
				53F323EB10A20EDB00E0DAE4 /* OpenAL.framework in Frameworks */,
				5326AEA810A23A0500278DE6 /* CoreLocation.framework in Frameworks */,
				E41D400B13B39D2100A75A5D /* AVFoundation.framework in Frameworks */,
				E41D400C13B39D2100A75A5D /* CoreMedia.framework in Frameworks */,
				E41D400D13B39D2100A75A5D /* CoreVideo.framework in Frameworks */,
				E41D400E13B39D2100A75A5D /* MapKit.framework in Frameworks */,
				E43A82CA1641A1B8002A54B0 /* FacebookSDK.framework in Frameworks */,
				E44E3C8B165A3F1C00241E14 /* osc.a in Frameworks */,
			);
			runOnlyForDeploymentPostprocessing = 0;
		};
/* End PBXFrameworksBuildPhase section */

/* Begin PBXGroup section */
		19C28FACFE9D520D11CA2CBB /* Products */ = {
			isa = PBXGroup;
			children = (
				1D6058910D05DD3D006BFB54 /* beenThere.app */,
			);
			name = Products;
			sourceTree = "<group>";
		};
		29B97314FDCFA39411CA2CEA /* CustomTemplate */ = {
			isa = PBXGroup;
			children = (
				E4D8936A11527B74007E1F53 /* src */,
				BB24DD8B10DA77E000E9C588 /* data */,
				BB24E1F710DAA51900E9C588 /* openFrameworks */,
				BB16F26B0F2B646B00518274 /* addons */,
				BB16E9930F2B1E5900518274 /* libs */,
				19C28FACFE9D520D11CA2CBB /* Products */,
				E403B30B15F73FB6000A3535 /* Resources */,
			);
			name = CustomTemplate;
			sourceTree = "<group>";
		};
		29B97323FDCFA39411CA2CEA /* core frameworks */ = {
			isa = PBXGroup;
			children = (
				E403784A15E170A800789BC6 /* MessageUI.framework */,
				E41D400613B39D2100A75A5D /* AVFoundation.framework */,
				E41D400713B39D2100A75A5D /* CoreMedia.framework */,
				E41D400813B39D2100A75A5D /* CoreVideo.framework */,
				E41D400913B39D2100A75A5D /* MapKit.framework */,
				53F323EA10A20EDB00E0DAE4 /* OpenAL.framework */,
				E4A823A312561BE3002F86A2 /* CoreGraphics.framework */,
				BBE5EAB70F49AD8400F28951 /* AudioToolbox.framework */,
				BB16EBD80F2B2AB500518274 /* QuartzCore.framework */,
				BB16EBD10F2B2A9500518274 /* OpenGLES.framework */,
				1DF5F4DF0D08C38300B7A737 /* UIKit.framework */,
				1D30AB110D05D00D00671497 /* Foundation.framework */,
				288765FC0DF74451002DB57D /* CoreGraphics.framework */,
				5326AEA710A23A0500278DE6 /* CoreLocation.framework */,
			);
			name = "core frameworks";
			sourceTree = "<group>";
		};
		BB16E9930F2B1E5900518274 /* libs */ = {
			isa = PBXGroup;
			children = (
				E43A82C91641A1B8002A54B0 /* FacebookSDK.framework */,
				E42827E5163DC9BD00FA8CB8 /* Social.framework */,
				E42827DF163DC7A900FA8CB8 /* AdSupport.framework */,
				E42827DB163DC71C00FA8CB8 /* Accounts.framework */,
				BBE5E94E0F497BD800F28951 /* core */,
			);
			name = libs;
			sourceTree = "<group>";
		};
		BB16F26B0F2B646B00518274 /* addons */ = {
			isa = PBXGroup;
			children = (
				E450930915EF543400FD0F4C /* ofxiFacebook */,
				E409644D15E36AE600A30BF8 /* ofxSettings */,
				E40ED88915D15E6300556B9C /* ofxOsc */,
				E44BC7E115B2D84F00CD7BBD /* ofxXmlSettings */,
				E44BC7DC15B2D70400CD7BBD /* ofxiTexture */,
				E44BC5CC15B2D6B700CD7BBD /* ofxFlash */,
				E40A07AE1589DED10033811A /* SharedCode */,
			);
			name = addons;
			sourceTree = "<group>";
		};
		BB24DD8B10DA77E000E9C588 /* data */ = {
			isa = PBXGroup;
			children = (
				E4A2D781165AD07B00BE6481 /* Default-Landscape.png */,
				E4764B78161A53A6003E6BCB /* Icon-72.png */,
				E4764B79161A53A6003E6BCB /* Icon-Small-50.png */,
				E409645415E36B6200A30BF8 /* Settings.bundle */,
			);
			name = data;
			path = bin/data;
			sourceTree = "<group>";
		};
		BB24E1F710DAA51900E9C588 /* openFrameworks */ = {
			isa = PBXGroup;
			children = (
				E409645F15E389DB00A30BF8 /* iPhone_Prefix.pch */,
				E409646015E389DB00A30BF8 /* ofxiphone-Info.plist */,
				E468E3BA15E20E5D001A0F14 /* iOS+OFLib.xcodeproj */,
				E403784615E16F8000789BC6 /* Project.xcconfig */,
			);
			name = openFrameworks;
			sourceTree = "<group>";
		};
		BBE5E94E0F497BD800F28951 /* core */ = {
			isa = PBXGroup;
			children = (
				29B97323FDCFA39411CA2CEA /* core frameworks */,
			);
			name = core;
			sourceTree = "<group>";
		};
		E403B30B15F73FB6000A3535 /* Resources */ = {
			isa = PBXGroup;
			children = (
				E4D025DF164C09C60051FC65 /* FacebookSDKResources.bundle */,
				E43A82CB1641A1C8002A54B0 /* FBUserSettingsViewResources.bundle */,
			);
			name = Resources;
			sourceTree = "<group>";
		};
		E409644D15E36AE600A30BF8 /* ofxSettings */ = {
			isa = PBXGroup;
			children = (
				E409644E15E36AE600A30BF8 /* README.md */,
				E409644F15E36AE600A30BF8 /* src */,
			);
			name = ofxSettings;
			path = ../../../addons/ofxSettings;
			sourceTree = "<group>";
		};
		E409644F15E36AE600A30BF8 /* src */ = {
			isa = PBXGroup;
			children = (
				E409645015E36AE600A30BF8 /* Settings.h */,
				E409645115E36AE600A30BF8 /* Settings.mm */,
			);
			path = src;
			sourceTree = "<group>";
		};
		E40A07AE1589DED10033811A /* SharedCode */ = {
			isa = PBXGroup;
			children = (
				E40A07AF1589DED10033811A /* src */,
			);
			name = SharedCode;
			path = ../SharedCode;
			sourceTree = "<group>";
		};
		E40A07AF1589DED10033811A /* src */ = {
			isa = PBXGroup;
			children = (
				E402A9A216428DB800C10889 /* ofxiOffScreen.h */,
				E402A9A316428DB800C10889 /* ofxiOffScreen.mm */,
				E4A39D9015DE1AE8008ACE7E /* ofxDraggable.cpp */,
				E4A39D9115DE1AE8008ACE7E /* ofxDraggable.h */,
				E46C1A2F1590C952006C1C65 /* ofxScrollCollection.h */,
				E46C1A301590C97C006C1C65 /* ofxScrollCollection.cpp */,
				E403782915E15FE000789BC6 /* ofxiMail.h */,
				E403782A15E1600200789BC6 /* ofxiMail.mm */,
			);
			path = src;
			sourceTree = "<group>";
		};
		E40ED88915D15E6300556B9C /* ofxOsc */ = {
			isa = PBXGroup;
			children = (
				E40ED88A15D15E6300556B9C /* install.xml */,
				E40ED88B15D15E6300556B9C /* libs */,
				E40ED8A215D15E6300556B9C /* src */,
			);
			name = ofxOsc;
			path = ../../../addons/ofxOsc;
			sourceTree = "<group>";
		};
		E40ED88B15D15E6300556B9C /* libs */ = {
			isa = PBXGroup;
			children = (
				E40ED88C15D15E6300556B9C /* oscpack */,
			);
			path = libs;
			sourceTree = "<group>";
		};
		E40ED88C15D15E6300556B9C /* oscpack */ = {
			isa = PBXGroup;
			children = (
				E40ED88D15D15E6300556B9C /* include */,
				E40ED89D15D15E6300556B9C /* lib */,
			);
			path = oscpack;
			sourceTree = "<group>";
		};
		E40ED88D15D15E6300556B9C /* include */ = {
			isa = PBXGroup;
			children = (
				E40ED88E15D15E6300556B9C /* ip */,
				E40ED89415D15E6300556B9C /* osc */,
			);
			path = include;
			sourceTree = "<group>";
		};
		E40ED88E15D15E6300556B9C /* ip */ = {
			isa = PBXGroup;
			children = (
				E40ED88F15D15E6300556B9C /* IpEndpointName.h */,
				E40ED89015D15E6300556B9C /* NetworkingUtils.h */,
				E40ED89115D15E6300556B9C /* PacketListener.h */,
				E40ED89215D15E6300556B9C /* TimerListener.h */,
				E40ED89315D15E6300556B9C /* UdpSocket.h */,
			);
			path = ip;
			sourceTree = "<group>";
		};
		E40ED89415D15E6300556B9C /* osc */ = {
			isa = PBXGroup;
			children = (
				E44E3C89165A3F1C00241E14 /* iphone */,
				E40ED89515D15E6300556B9C /* MessageMappingOscPacketListener.h */,
				E40ED89615D15E6300556B9C /* OscException.h */,
				E40ED89715D15E6300556B9C /* OscHostEndianness.h */,
				E40ED89815D15E6300556B9C /* OscOutboundPacketStream.h */,
				E40ED89915D15E6300556B9C /* OscPacketListener.h */,
				E40ED89A15D15E6300556B9C /* OscPrintReceivedElements.h */,
				E40ED89B15D15E6300556B9C /* OscReceivedElements.h */,
				E40ED89C15D15E6300556B9C /* OscTypes.h */,
			);
			path = osc;
			sourceTree = "<group>";
		};
		E40ED89D15D15E6300556B9C /* lib */ = {
			isa = PBXGroup;
			children = (
			);
			path = lib;
			sourceTree = "<group>";
		};
		E40ED8A215D15E6300556B9C /* src */ = {
			isa = PBXGroup;
			children = (
				E40ED8A315D15E6300556B9C /* ofxOsc.h */,
				E40ED8A415D15E6300556B9C /* ofxOscArg.h */,
				E40ED8A515D15E6300556B9C /* ofxOscBundle.cpp */,
				E40ED8A615D15E6300556B9C /* ofxOscBundle.h */,
				E40ED8A715D15E6300556B9C /* ofxOscMessage.cpp */,
				E40ED8A815D15E6300556B9C /* ofxOscMessage.h */,
				E40ED8A915D15E6300556B9C /* ofxOscReceiver.cpp */,
				E40ED8AA15D15E6300556B9C /* ofxOscReceiver.h */,
				E40ED8AB15D15E6300556B9C /* ofxOscSender.cpp */,
				E40ED8AC15D15E6300556B9C /* ofxOscSender.h */,
			);
			path = src;
			sourceTree = "<group>";
		};
		E44BC5CC15B2D6B700CD7BBD /* ofxFlash */ = {
			isa = PBXGroup;
			children = (
				E44BC6E515B2D6B800CD7BBD /* src */,
			);
			name = ofxFlash;
			path = "../../../My Addons/ofxFlash";
			sourceTree = "<group>";
		};
		E44BC6E515B2D6B800CD7BBD /* src */ = {
			isa = PBXGroup;
			children = (
				E44BC6E615B2D6B800CD7BBD /* ofxFlash.cpp */,
				E44BC6E715B2D6B800CD7BBD /* ofxFlash.h */,
			);
			path = src;
			sourceTree = "<group>";
		};
		E44BC7DC15B2D70400CD7BBD /* ofxiTexture */ = {
			isa = PBXGroup;
			children = (
				E44BC7DD15B2D70400CD7BBD /* src */,
			);
			name = ofxiTexture;
			path = "../../../My Addons/ofxiTexture";
			sourceTree = "<group>";
		};
		E44BC7DD15B2D70400CD7BBD /* src */ = {
			isa = PBXGroup;
			children = (
				E44BC7DE15B2D70400CD7BBD /* ofxiTexture.h */,
				E44BC7DF15B2D70400CD7BBD /* ofxiTexture.mm */,
			);
			path = src;
			sourceTree = "<group>";
		};
		E44BC7E115B2D84F00CD7BBD /* ofxXmlSettings */ = {
			isa = PBXGroup;
			children = (
				E44BC7E215B2D84F00CD7BBD /* install.xml */,
				E44BC7E315B2D84F00CD7BBD /* libs */,
				E44BC7E815B2D84F00CD7BBD /* src */,
			);
			name = ofxXmlSettings;
			path = ../../../addons/ofxXmlSettings;
			sourceTree = "<group>";
		};
		E44BC7E315B2D84F00CD7BBD /* libs */ = {
			isa = PBXGroup;
			children = (
				E44BC7E415B2D84F00CD7BBD /* tinyxml.cpp */,
				E44BC7E515B2D84F00CD7BBD /* tinyxml.h */,
				E44BC7E615B2D84F00CD7BBD /* tinyxmlerror.cpp */,
				E44BC7E715B2D84F00CD7BBD /* tinyxmlparser.cpp */,
			);
			path = libs;
			sourceTree = "<group>";
		};
		E44BC7E815B2D84F00CD7BBD /* src */ = {
			isa = PBXGroup;
			children = (
				E44BC7E915B2D84F00CD7BBD /* ofxXmlSettings.cpp */,
				E44BC7EA15B2D84F00CD7BBD /* ofxXmlSettings.h */,
			);
			path = src;
			sourceTree = "<group>";
		};
		E44E3C89165A3F1C00241E14 /* iphone */ = {
			isa = PBXGroup;
			children = (
				E44E3C8A165A3F1C00241E14 /* osc.a */,
			);
			name = iphone;
			path = ../../lib/iphone;
			sourceTree = "<group>";
		};
		E450930915EF543400FD0F4C /* ofxiFacebook */ = {
			isa = PBXGroup;
			children = (
				E450930A15EF543400FD0F4C /* FACEBOOK */,
				E450930B15EF543400FD0F4C /* src */,
			);
			name = ofxiFacebook;
			path = "../../../My Addons/ofxiFacebook";
			sourceTree = "<group>";
		};
		E450930B15EF543400FD0F4C /* src */ = {
			isa = PBXGroup;
			children = (
				E450930C15EF543400FD0F4C /* ofxiFacebook.h */,
				E450930D15EF543400FD0F4C /* ofxiFacebook.mm */,
			);
			path = src;
			sourceTree = "<group>";
		};
		E468E3BB15E20E5D001A0F14 /* Products */ = {
			isa = PBXGroup;
			children = (
				E468E3C215E20E5D001A0F14 /* libofxiPhone_iphoneos_Debug.a */,
			);
			name = Products;
			sourceTree = "<group>";
		};
		E4D8936A11527B74007E1F53 /* src */ = {
			isa = PBXGroup;
			children = (
				E4D8936B11527B74007E1F53 /* main.mm */,
				E4D8936D11527B74007E1F53 /* testApp.mm */,
				E4D8936C11527B74007E1F53 /* testApp.h */,
			);
			path = src;
			sourceTree = SOURCE_ROOT;
		};
/* End PBXGroup section */

/* Begin PBXNativeTarget section */
		1D6058900D05DD3D006BFB54 /* beenThere */ = {
			isa = PBXNativeTarget;
			buildConfigurationList = 1D6058960D05DD3E006BFB54 /* Build configuration list for PBXNativeTarget "beenThere" */;
			buildPhases = (
				1D60588D0D05DD3D006BFB54 /* Resources */,
				1D60588E0D05DD3D006BFB54 /* Sources */,
				1D60588F0D05DD3D006BFB54 /* Frameworks */,
				9255DD331112741900D6945E /* ShellScript */,
			);
			buildRules = (
			);
			dependencies = (
				E468E3C415E20EE0001A0F14 /* PBXTargetDependency */,
			);
			name = beenThere;
			productName = iPhone;
			productReference = 1D6058910D05DD3D006BFB54 /* beenThere.app */;
			productType = "com.apple.product-type.application";
		};
/* End PBXNativeTarget section */

/* Begin PBXProject section */
		29B97313FDCFA39411CA2CEA /* Project object */ = {
			isa = PBXProject;
			attributes = {
				LastUpgradeCheck = 0450;
			};
			buildConfigurationList = C01FCF4E08A954540054247B /* Build configuration list for PBXProject "beenThere" */;
			compatibilityVersion = "Xcode 3.2";
			developmentRegion = English;
			hasScannedForEncodings = 1;
			knownRegions = (
				English,
				Japanese,
				French,
				German,
			);
			mainGroup = 29B97314FDCFA39411CA2CEA /* CustomTemplate */;
			projectDirPath = "";
			projectReferences = (
				{
					ProductGroup = E468E3BB15E20E5D001A0F14 /* Products */;
					ProjectRef = E468E3BA15E20E5D001A0F14 /* iOS+OFLib.xcodeproj */;
				},
			);
			projectRoot = "";
			targets = (
				1D6058900D05DD3D006BFB54 /* beenThere */,
			);
		};
/* End PBXProject section */

/* Begin PBXReferenceProxy section */
		E468E3C215E20E5D001A0F14 /* libofxiPhone_iphoneos_Debug.a */ = {
			isa = PBXReferenceProxy;
			fileType = archive.ar;
			path = libofxiPhone_iphoneos_Debug.a;
			remoteRef = E468E3C115E20E5D001A0F14 /* PBXContainerItemProxy */;
			sourceTree = BUILT_PRODUCTS_DIR;
		};
/* End PBXReferenceProxy section */

/* Begin PBXResourcesBuildPhase section */
		1D60588D0D05DD3D006BFB54 /* Resources */ = {
			isa = PBXResourcesBuildPhase;
			buildActionMask = 2147483647;
			files = (
				E44BC7EB15B2D84F00CD7BBD /* install.xml in Resources */,
				E40ED8AD15D15E6300556B9C /* install.xml in Resources */,
				E409645215E36AE600A30BF8 /* README.md in Resources */,
				E409645515E36B6200A30BF8 /* Settings.bundle in Resources */,
				E450930E15EF543400FD0F4C /* FACEBOOK in Resources */,
				E4764B7B161A53A6003E6BCB /* Icon-72.png in Resources */,
				E4764B7C161A53A6003E6BCB /* Icon-Small-50.png in Resources */,
				E43A82CC1641A1C8002A54B0 /* FBUserSettingsViewResources.bundle in Resources */,
				E4D025E0164C09C60051FC65 /* FacebookSDKResources.bundle in Resources */,
				E4A2D782165AD07B00BE6481 /* Default-Landscape.png in Resources */,
			);
			runOnlyForDeploymentPostprocessing = 0;
		};
/* End PBXResourcesBuildPhase section */

/* Begin PBXShellScriptBuildPhase section */
		9255DD331112741900D6945E /* ShellScript */ = {
			isa = PBXShellScriptBuildPhase;
			buildActionMask = 2147483647;
			files = (
			);
			inputPaths = (
			);
			outputPaths = (
			);
			runOnlyForDeploymentPostprocessing = 0;
			shellPath = /bin/sh;
			shellScript = "cp -rf bin/data/ \"$TARGET_BUILD_DIR/$PRODUCT_NAME.app\"";
		};
/* End PBXShellScriptBuildPhase section */

/* Begin PBXSourcesBuildPhase section */
		1D60588E0D05DD3D006BFB54 /* Sources */ = {
			isa = PBXSourcesBuildPhase;
			buildActionMask = 2147483647;
			files = (
				E4D8936E11527B74007E1F53 /* main.mm in Sources */,
				E4D8936F11527B74007E1F53 /* testApp.mm in Sources */,
				E46C1A311590C97C006C1C65 /* ofxScrollCollection.cpp in Sources */,
				E44BC7D415B2D6B900CD7BBD /* ofxFlash.cpp in Sources */,
				E44BC7E015B2D70400CD7BBD /* ofxiTexture.mm in Sources */,
				E44BC7EC15B2D84F00CD7BBD /* tinyxml.cpp in Sources */,
				E44BC7ED15B2D84F00CD7BBD /* tinyxmlerror.cpp in Sources */,
				E44BC7EE15B2D84F00CD7BBD /* tinyxmlparser.cpp in Sources */,
				E44BC7EF15B2D84F00CD7BBD /* ofxXmlSettings.cpp in Sources */,
				E40ED8B015D15E6300556B9C /* ofxOscBundle.cpp in Sources */,
				E40ED8B115D15E6300556B9C /* ofxOscMessage.cpp in Sources */,
				E40ED8B215D15E6300556B9C /* ofxOscReceiver.cpp in Sources */,
				E40ED8B315D15E6300556B9C /* ofxOscSender.cpp in Sources */,
				E4A39D9215DE1AE8008ACE7E /* ofxDraggable.cpp in Sources */,
				E403782B15E1600200789BC6 /* ofxiMail.mm in Sources */,
				E409645315E36AE600A30BF8 /* Settings.mm in Sources */,
				E450930F15EF543400FD0F4C /* ofxiFacebook.mm in Sources */,
				E402A9A416428DB800C10889 /* ofxiOffScreen.mm in Sources */,
			);
			runOnlyForDeploymentPostprocessing = 0;
		};
/* End PBXSourcesBuildPhase section */

/* Begin PBXTargetDependency section */
		E468E3C415E20EE0001A0F14 /* PBXTargetDependency */ = {
			isa = PBXTargetDependency;
			name = "iPhone+OF Static Library";
			targetProxy = E468E3C315E20EE0001A0F14 /* PBXContainerItemProxy */;
		};
/* End PBXTargetDependency section */

/* Begin XCBuildConfiguration section */
		1D6058940D05DD3E006BFB54 /* Debug */ = {
			isa = XCBuildConfiguration;
			buildSettings = {
				ALWAYS_SEARCH_USER_PATHS = NO;
				FRAMEWORK_SEARCH_PATHS = (
					"$(inherited)",
					"\"$(SRCROOT)/../../../../../Documents/FacebookSDK\"",
					"\"$(SRCROOT)/../../../../../Documents/FacebookSDK/build\"",
					"\"$(SRCROOT)/../../../../FacebookSDK/build\"",
				);
				GCC_PRECOMPILE_PREFIX_HEADER = YES;
				GCC_PREFIX_HEADER = iPhone_Prefix.pch;
				INFOPLIST_FILE = "ofxiphone-Info.plist";
				LIBRARY_SEARCH_PATHS = (
					"$(inherited)",
					"\"$(SRCROOT)/../../../addons/ofxOsc/libs/oscpack/lib/iphone\"",
					"\"$(SRCROOT)/../../../addons/ofxOsc/libs/oscpack/lib/osx\"",
				);
				PRODUCT_NAME = beenThere;
			};
			name = Debug;
		};
		1D6058950D05DD3E006BFB54 /* Release */ = {
			isa = XCBuildConfiguration;
			buildSettings = {
				FRAMEWORK_SEARCH_PATHS = (
					"$(inherited)",
					"\"$(SRCROOT)/../../../../../Documents/FacebookSDK\"",
					"\"$(SRCROOT)/../../../../../Documents/FacebookSDK/build\"",
					"\"$(SRCROOT)/../../../../FacebookSDK/build\"",
				);
				GCC_PRECOMPILE_PREFIX_HEADER = YES;
				GCC_PREFIX_HEADER = iPhone_Prefix.pch;
				INFOPLIST_FILE = "ofxiphone-Info.plist";
				LIBRARY_SEARCH_PATHS = (
					"$(inherited)",
					"\"$(SRCROOT)/../../../addons/ofxOsc/libs/oscpack/lib/iphone\"",
					"\"$(SRCROOT)/../../../addons/ofxOsc/libs/oscpack/lib/osx\"",
				);
				PRODUCT_NAME = beenThere;
			};
			name = Release;
		};
		C01FCF4F08A954540054247B /* Debug */ = {
			isa = XCBuildConfiguration;
			baseConfigurationReference = E403784615E16F8000789BC6 /* Project.xcconfig */;
			buildSettings = {
				ALWAYS_SEARCH_USER_PATHS = YES;
				ARCHS = "$(ARCHS_STANDARD_32_BIT)";
				CODE_SIGN_IDENTITY = "";
				"CODE_SIGN_IDENTITY[sdk=iphoneos*]" = "iPhone Developer";
				COMPRESS_PNG_FILES = NO;
				GCC_C_LANGUAGE_STANDARD = c99;
				GCC_OPTIMIZATION_LEVEL = 0;
				GCC_SYMBOLS_PRIVATE_EXTERN = NO;
				GCC_WARN_ABOUT_DEPRECATED_FUNCTIONS = NO;
				GCC_WARN_ABOUT_INVALID_OFFSETOF_MACRO = NO;
				GCC_WARN_ABOUT_POINTER_SIGNEDNESS = NO;
				GCC_WARN_ABOUT_RETURN_TYPE = YES;
				GCC_WARN_ALLOW_INCOMPLETE_PROTOCOL = NO;
				GCC_WARN_PROTOTYPE_CONVERSION = NO;
				GCC_WARN_UNUSED_VARIABLE = YES;
				IPHONEOS_DEPLOYMENT_TARGET = 6.0;
				ONLY_ACTIVE_ARCH = NO;
				"PROVISIONING_PROFILE[sdk=iphoneos*]" = "";
				SDKROOT = iphoneos;
				TARGETED_DEVICE_FAMILY = "1,2";
				VALID_ARCHS = armv7;
				WARNING_LDFLAGS = "-no_arch_warnings";
			};
			name = Debug;
		};
		C01FCF5008A954540054247B /* Release */ = {
			isa = XCBuildConfiguration;
			baseConfigurationReference = E403784615E16F8000789BC6 /* Project.xcconfig */;
			buildSettings = {
				ALWAYS_SEARCH_USER_PATHS = YES;
				ARCHS = "$(ARCHS_STANDARD_32_BIT)";
				CODE_SIGN_IDENTITY = "";
				"CODE_SIGN_IDENTITY[sdk=iphoneos*]" = "iPhone Developer";
				COMPRESS_PNG_FILES = NO;
				GCC_C_LANGUAGE_STANDARD = c99;
				GCC_DYNAMIC_NO_PIC = YES;
				GCC_GENERATE_DEBUGGING_SYMBOLS = NO;
				GCC_OPTIMIZATION_LEVEL = 3;
				GCC_SYMBOLS_PRIVATE_EXTERN = NO;
				GCC_THUMB_SUPPORT = NO;
				GCC_WARN_ABOUT_RETURN_TYPE = YES;
				GCC_WARN_UNUSED_VARIABLE = YES;
				IPHONEOS_DEPLOYMENT_TARGET = 6.0;
				ONLY_ACTIVE_ARCH = NO;
				SDKROOT = iphoneos;
				TARGETED_DEVICE_FAMILY = "1,2";
				VALID_ARCHS = armv7;
				WARNING_LDFLAGS = "-no_arch_warnings";
			};
			name = Release;
		};
		E434642F15A1BAA800534614 /* Ad Hoc */ = {
			isa = XCBuildConfiguration;
			baseConfigurationReference = E403784615E16F8000789BC6 /* Project.xcconfig */;
			buildSettings = {
				ALWAYS_SEARCH_USER_PATHS = YES;
				ARCHS = "$(ARCHS_STANDARD_32_BIT)";
				CODE_SIGN_IDENTITY = "";
				"CODE_SIGN_IDENTITY[sdk=iphoneos*]" = "iPhone Distribution: Roee Kremer";
				COMPRESS_PNG_FILES = NO;
				GCC_C_LANGUAGE_STANDARD = c99;
				GCC_DYNAMIC_NO_PIC = YES;
				GCC_GENERATE_DEBUGGING_SYMBOLS = NO;
				GCC_OPTIMIZATION_LEVEL = 3;
				GCC_SYMBOLS_PRIVATE_EXTERN = NO;
				GCC_THUMB_SUPPORT = NO;
				GCC_WARN_ABOUT_RETURN_TYPE = YES;
				GCC_WARN_UNUSED_VARIABLE = YES;
				IPHONEOS_DEPLOYMENT_TARGET = 6.0;
				ONLY_ACTIVE_ARCH = NO;
				"PROVISIONING_PROFILE[sdk=iphoneos*]" = "EAB02B79-83BD-4A3F-B553-1099C19A246E";
				SDKROOT = iphoneos;
				TARGETED_DEVICE_FAMILY = "1,2";
				VALID_ARCHS = armv7;
				WARNING_LDFLAGS = "-no_arch_warnings";
			};
			name = "Ad Hoc";
		};
		E434643015A1BAA800534614 /* Ad Hoc */ = {
			isa = XCBuildConfiguration;
			buildSettings = {
				FRAMEWORK_SEARCH_PATHS = (
					"$(inherited)",
					"\"$(SRCROOT)/../../../../../Documents/FacebookSDK\"",
					"\"$(SRCROOT)/../../../../../Documents/FacebookSDK/build\"",
					"\"$(SRCROOT)/../../../../FacebookSDK/build\"",
				);
				GCC_PRECOMPILE_PREFIX_HEADER = YES;
				GCC_PREFIX_HEADER = iPhone_Prefix.pch;
				INFOPLIST_FILE = "ofxiphone-Info.plist";
				LIBRARY_SEARCH_PATHS = (
					"$(inherited)",
					"\"$(SRCROOT)/../../../addons/ofxOsc/libs/oscpack/lib/iphone\"",
					"\"$(SRCROOT)/../../../addons/ofxOsc/libs/oscpack/lib/osx\"",
				);
				PRODUCT_NAME = beenThere;
			};
			name = "Ad Hoc";
		};
/* End XCBuildConfiguration section */

/* Begin XCConfigurationList section */
		1D6058960D05DD3E006BFB54 /* Build configuration list for PBXNativeTarget "beenThere" */ = {
			isa = XCConfigurationList;
			buildConfigurations = (
				1D6058940D05DD3E006BFB54 /* Debug */,
				1D6058950D05DD3E006BFB54 /* Release */,
				E434643015A1BAA800534614 /* Ad Hoc */,
			);
			defaultConfigurationIsVisible = 0;
			defaultConfigurationName = Release;
		};
		C01FCF4E08A954540054247B /* Build configuration list for PBXProject "beenThere" */ = {
			isa = XCConfigurationList;
			buildConfigurations = (
				C01FCF4F08A954540054247B /* Debug */,
				C01FCF5008A954540054247B /* Release */,
				E434642F15A1BAA800534614 /* Ad Hoc */,
			);
			defaultConfigurationIsVisible = 0;
			defaultConfigurationName = Release;
		};
/* End XCConfigurationList section */
	};
	rootObject = 29B97313FDCFA39411CA2CEA /* Project object */;
}
